
Microsoft Visual Studio Solution File, Format Version 12.00
# Visual Studio Version 17
VisualStudioVersion = 17.5.33516.290
MinimumVisualStudioVersion = 10.0.40219.1
Project("{8BC9CEB8-8B4A-11D0-8D11-00A0C91BC942}") = "DeQuy", "DeQuy\DeQuy.vcxproj", "{0BDD1496-04F5-4837-BF87-CAD333ABD7B1}"
EndProject
Project("{8BC9CEB8-8B4A-11D0-8D11-00A0C91BC942}") = "001", "001\001.vcxproj", "{45B9C9B3-31DA-4CF3-9C13-FAC23FF99D65}"
EndProject
Project("{8BC9CEB8-8B4A-11D0-8D11-00A0C91BC942}") = "005", "005\005.vcxproj", "{91B1D16A-8012-46A9-B24C-C046864E716E}"
EndProject
Project("{8BC9CEB8-8B4A-11D0-8D11-00A0C91BC942}") = "009", "009\009.vcxproj", "{7C4E163F-03FF-404F-AD5C-F1B5585FB46E}"
EndProject
Project("{8BC9CEB8-8B4A-11D0-8D11-00A0C91BC942}") = "002", "002\002.vcxproj", "{64219851-5763-4605-B709-BDE8AB971544}"
EndProject
Project("{8BC9CEB8-8B4A-11D0-8D11-00A0C91BC942}") = "010", "010\010.vcxproj", "{5083F706-6F1D-4247-BD70-EFD7F9B85C44}"
EndProject
Project("{8BC9CEB8-8B4A-11D0-8D11-00A0C91BC942}") = "014", "014\014.vcxproj", "{FD45A131-BE35-44D7-B0D6-5302770B7458}"
EndProject
Project("{8BC9CEB8-8B4A-11D0-8D11-00A0C91BC942}") = "018", "018\018.vcxproj", "{19B44705-ABCD-48D4-AF26-759D8122EB69}"
EndProject
Project("{8BC9CEB8-8B4A-11D0-8D11-00A0C91BC942}") = "006", "006\006.vcxproj", "{A825899D-0A70-4661-9609-1E98DDD0A153}"
EndProject
Project("{8BC9CEB8-8B4A-11D0-8D11-00A0C91BC942}") = "004", "004\004.vcxproj", "{4C4FB126-7062-4742-871A-6ED5D7933A9B}"
EndProject
Project("{8BC9CEB8-8B4A-11D0-8D11-00A0C91BC942}") = "008", "008\008.vcxproj", "{7F2AADDE-B42D-4C9A-AB6F-CEAAD0F08BC1}"
EndProject
Project("{8BC9CEB8-8B4A-11D0-8D11-00A0C91BC942}") = "012", "012\012.vcxproj", "{E5139317-BBDF-4AF8-BF81-E8A4C3C89BAC}"
EndProject
Project("{8BC9CEB8-8B4A-11D0-8D11-00A0C91BC942}") = "016", "đẳ\đẳ.vcxproj", "{C555E16D-8D78-4E04-9596-FECCC89E4F82}"
EndProject
Project("{8BC9CEB8-8B4A-11D0-8D11-00A0C91BC942}") = "020", "020\020.vcxproj", "{678332BC-CDE3-4B1A-8D42-1E8799B9564B}"
EndProject
Project("{8BC9CEB8-8B4A-11D0-8D11-00A0C91BC942}") = "022", "022\022.vcxproj", "{8A9E9B2B-F307-4AC9-A198-B4E49D502A50}"
EndProject
Project("{8BC9CEB8-8B4A-11D0-8D11-00A0C91BC942}") = "026", "026\026.vcxproj", "{72471D89-3C44-4CB5-B806-3A2D3729398D}"
EndProject
Project("{8BC9CEB8-8B4A-11D0-8D11-00A0C91BC942}") = "030", "030\030.vcxproj", "{006A72B9-5B58-46F3-9587-021A94ADB26A}"
EndProject
Project("{8BC9CEB8-8B4A-11D0-8D11-00A0C91BC942}") = "038", "038\038.vcxproj", "{86FDFA4A-D913-4B79-AFF6-9FB8C3474CC4}"
EndProject
Project("{8BC9CEB8-8B4A-11D0-8D11-00A0C91BC942}") = "034", "034\034.vcxproj", "{86E1B933-1E76-4783-8239-16CCA8A73023}"
EndProject
Project("{8BC9CEB8-8B4A-11D0-8D11-00A0C91BC942}") = "003", "003\003.vcxproj", "{E0A5E134-AF14-4889-9167-F655561A24FC}"
EndProject
Project("{8BC9CEB8-8B4A-11D0-8D11-00A0C91BC942}") = "007", "007\007.vcxproj", "{81803296-5C2F-48E8-9E3F-905E07B80352}"
EndProject
Project("{8BC9CEB8-8B4A-11D0-8D11-00A0C91BC942}") = "011", "011\011.vcxproj", "{AD865096-7A12-4AE5-8BB1-ACFC58237C97}"
EndProject
Project("{8BC9CEB8-8B4A-11D0-8D11-00A0C91BC942}") = "015", "015\015.vcxproj", "{B4126F57-2149-46CB-B2C4-670AC7B65542}"
EndProject
Project("{8BC9CEB8-8B4A-11D0-8D11-00A0C91BC942}") = "019", "019\019.vcxproj", "{B2093073-EB5D-4916-92C4-4588AB9D9908}"
EndProject
Project("{8BC9CEB8-8B4A-11D0-8D11-00A0C91BC942}") = "023", "023\023.vcxproj", "{7DD4DF18-A729-4321-A091-33CEBD2AA144}"
EndProject
Project("{8BC9CEB8-8B4A-11D0-8D11-00A0C91BC942}") = "027", "027\027.vcxproj", "{9AACEA8D-2A90-4D4F-92C2-71EE2867003F}"
EndProject
Project("{8BC9CEB8-8B4A-11D0-8D11-00A0C91BC942}") = "031", "031\031.vcxproj", "{5D1914B6-0F2D-4B05-9959-234B99ADED0A}"
EndProject
Project("{8BC9CEB8-8B4A-11D0-8D11-00A0C91BC942}") = "035", "035\035.vcxproj", "{C4E2BD58-EB0E-4D42-8322-A9E431EEB68B}"
EndProject
Project("{8BC9CEB8-8B4A-11D0-8D11-00A0C91BC942}") = "039", "039\039.vcxproj", "{86C111B9-B32B-4CC0-AFC4-EEBBBDB0BEFA}"
EndProject
Project("{8BC9CEB8-8B4A-11D0-8D11-00A0C91BC942}") = "043", "043`\043`.vcxproj", "{C41CE842-2F7E-41C5-914F-10E533492381}"
EndProject
Project("{8BC9CEB8-8B4A-11D0-8D11-00A0C91BC942}") = "047", "047\047.vcxproj", "{0B7C4511-F1D2-49AF-BE5B-FFEA8035B3CB}"
EndProject
Project("{8BC9CEB8-8B4A-11D0-8D11-00A0C91BC942}") = "051", "051\051.vcxproj", "{E7EED07D-D189-41B9-8CA2-7BCE10CA64A3}"
EndProject
Project("{8BC9CEB8-8B4A-11D0-8D11-00A0C91BC942}") = "055", "055\055.vcxproj", "{52D32CAB-61E3-4497-83D0-CC4941CB4C76}"
EndProject
Project("{8BC9CEB8-8B4A-11D0-8D11-00A0C91BC942}") = "059", "059\059.vcxproj", "{E0DC4EEB-6FAE-40E1-96FC-4DCE47D6D110}"
EndProject
Project("{8BC9CEB8-8B4A-11D0-8D11-00A0C91BC942}") = "063", "063\063.vcxproj", "{AF402D2B-35CA-43E4-AFA6-E5AA6190820F}"
EndProject
Project("{8BC9CEB8-8B4A-11D0-8D11-00A0C91BC942}") = "042", "042\042.vcxproj", "{77A5C1A1-420F-4E09-9432-F2CA68465F2C}"
EndProject
Project("{8BC9CEB8-8B4A-11D0-8D11-00A0C91BC942}") = "046", "046\046.vcxproj", "{71F2E1EB-E871-451F-84BC-9FBCE77231A4}"
EndProject
Project("{8BC9CEB8-8B4A-11D0-8D11-00A0C91BC942}") = "050", "050\050.vcxproj", "{A2CAF536-8A66-4BAB-A7FC-119616188914}"
EndProject
Project("{8BC9CEB8-8B4A-11D0-8D11-00A0C91BC942}") = "054", "054\054.vcxproj", "{1F461D1C-6E4D-4728-9BEB-5DF174061B95}"
EndProject
Project("{8BC9CEB8-8B4A-11D0-8D11-00A0C91BC942}") = "058", "058\058.vcxproj", "{6A3BF3A8-5058-4CAA-833E-FC78A2EE4AAC}"
EndProject
Project("{8BC9CEB8-8B4A-11D0-8D11-00A0C91BC942}") = "061a", "061a\061a.vcxproj", "{30B62FCA-2A19-4022-AF68-38CE7C88D167}"
EndProject
Project("{8BC9CEB8-8B4A-11D0-8D11-00A0C91BC942}") = "117", "117\117.vcxproj", "{E39A816C-EB37-4B13-9AE5-7E0EFB9A78BC}"
EndProject
Project("{8BC9CEB8-8B4A-11D0-8D11-00A0C91BC942}") = "121", "121\121.vcxproj", "{BD0C9085-17BD-4AFE-B6CF-22724B6E938A}"
EndProject
Project("{8BC9CEB8-8B4A-11D0-8D11-00A0C91BC942}") = "125", "125\125.vcxproj", "{B31F7277-DF3C-4575-BD55-3C4213603553}"
EndProject
Project("{8BC9CEB8-8B4A-11D0-8D11-00A0C91BC942}") = "129", "129\129.vcxproj", "{C4C94943-C40A-4EC0-B3B1-960F85BAD066}"
EndProject
Project("{8BC9CEB8-8B4A-11D0-8D11-00A0C91BC942}") = "133", "133\133.vcxproj", "{6726C67E-1F9C-429B-A90F-08A326F78F2D}"
EndProject
Project("{8BC9CEB8-8B4A-11D0-8D11-00A0C91BC942}") = "137", "137\137.vcxproj", "{A6E2884F-76CD-4BA6-B7D3-B1D6FCA89671}"
EndProject
Project("{8BC9CEB8-8B4A-11D0-8D11-00A0C91BC942}") = "141", "141\141.vcxproj", "{33F16909-F31A-4133-8EF7-AE95BD37F969}"
EndProject
Project("{8BC9CEB8-8B4A-11D0-8D11-00A0C91BC942}") = "145", "145\145.vcxproj", "{21B8F01F-3F11-42D3-872E-0E951988A1C6}"
EndProject
Project("{8BC9CEB8-8B4A-11D0-8D11-00A0C91BC942}") = "149", "149\149.vcxproj", "{A1B0B032-7DF0-44C5-B144-086346620285}"
EndProject
Project("{8BC9CEB8-8B4A-11D0-8D11-00A0C91BC942}") = "153", "153\153.vcxproj", "{3C17C898-CDE1-4A49-88DC-15B5ABE75ED5}"
EndProject
Project("{8BC9CEB8-8B4A-11D0-8D11-00A0C91BC942}") = "062", "062\062.vcxproj", "{7953FE93-0920-493A-9B54-C2A7C522E127}"
EndProject
Project("{8BC9CEB8-8B4A-11D0-8D11-00A0C91BC942}") = "157", "157\157.vcxproj", "{FC1D9647-BA1C-435C-8169-B901F446F354}"
EndProject
Project("{8BC9CEB8-8B4A-11D0-8D11-00A0C91BC942}") = "161", "161\161.vcxproj", "{C34BF497-6EE8-46E0-B8BF-D063132BD34E}"
EndProject
Project("{8BC9CEB8-8B4A-11D0-8D11-00A0C91BC942}") = "165", "165\165.vcxproj", "{656DF1EF-AEE4-4340-AC1A-63D1433E73F2}"
EndProject
Project("{8BC9CEB8-8B4A-11D0-8D11-00A0C91BC942}") = "066", "066\066.vcxproj", "{E11A6B72-1881-4E02-93D8-BFDC38DE7A1D}"
EndProject
Project("{8BC9CEB8-8B4A-11D0-8D11-00A0C91BC942}") = "003a", "003a\003a.vcxproj", "{952FD0F9-249D-4DE7-9D32-217333C06392}"
EndProject
Project("{8BC9CEB8-8B4A-11D0-8D11-00A0C91BC942}") = "007a", "007a\007a.vcxproj", "{A6D9F52F-6BC2-404F-AF43-43FF5309DB71}"
EndProject
Project("{8BC9CEB8-8B4A-11D0-8D11-00A0C91BC942}") = "011a", "011a\011a.vcxproj", "{5CE9147B-AD0F-4E88-B1F1-AB9DCA373D28}"
EndProject
Project("{8BC9CEB8-8B4A-11D0-8D11-00A0C91BC942}") = "015a", "015a\015a.vcxproj", "{45C6CE75-4B6A-4FCA-A167-6463B5E536A8}"
EndProject
Project("{8BC9CEB8-8B4A-11D0-8D11-00A0C91BC942}") = "019a", "019a\019a.vcxproj", "{18485BA6-6F27-45D7-A4D4-F79D3BF4F2B3}"
EndProject
Project("{8BC9CEB8-8B4A-11D0-8D11-00A0C91BC942}") = "022a", "022a\022a.vcxproj", "{991312F2-1F5A-46C2-B1B8-95EA15158C55}"
EndProject
Project("{8BC9CEB8-8B4A-11D0-8D11-00A0C91BC942}") = "031a", "031a\031a.vcxproj", "{95341A7D-C75B-4727-A480-0AC4D35A8AE2}"
EndProject
Project("{8BC9CEB8-8B4A-11D0-8D11-00A0C91BC942}") = "034a", "034a\034a.vcxproj", "{FDF11617-309B-498E-A59F-65D5CC2E8B1D}"
EndProject
Project("{8BC9CEB8-8B4A-11D0-8D11-00A0C91BC942}") = "035a", "035a\035a.vcxproj", "{7CB4F037-4ADE-4B98-988B-B7C99146A995}"
EndProject
Project("{8BC9CEB8-8B4A-11D0-8D11-00A0C91BC942}") = "038a", "038a\038a.vcxproj", "{664670F3-E264-4963-B96A-10D887B0642B}"
EndProject
Project("{8BC9CEB8-8B4A-11D0-8D11-00A0C91BC942}") = "039a", "039a\039a.vcxproj", "{B20B01B0-D039-4ADA-83F7-B46951B99BD9}"
EndProject
Project("{8BC9CEB8-8B4A-11D0-8D11-00A0C91BC942}") = "042a", "042a\042a.vcxproj", "{6565C606-51B5-498A-8789-9F0D1AF673DC}"
EndProject
Project("{8BC9CEB8-8B4A-11D0-8D11-00A0C91BC942}") = "043a", "043a\043a.vcxproj", "{2D27F54F-501E-484B-8B43-E48EA8BE731B}"
EndProject
Project("{8BC9CEB8-8B4A-11D0-8D11-00A0C91BC942}") = "046a", "046a\046a.vcxproj", "{4B92B9EE-B9FA-497E-B8E7-7CC0E7FCE38C}"
EndProject
Project("{8BC9CEB8-8B4A-11D0-8D11-00A0C91BC942}") = "047a", "047a\047a.vcxproj", "{9646E5EF-C6A6-4CB7-8434-6BD508182479}"
EndProject
Project("{8BC9CEB8-8B4A-11D0-8D11-00A0C91BC942}") = "050a", "050a\050a.vcxproj", "{B8F2AE41-356F-4D90-87BE-56776E85D3BF}"
EndProject
Project("{8BC9CEB8-8B4A-11D0-8D11-00A0C91BC942}") = "051a", "051a\051a.vcxproj", "{57B57D50-D4B3-417B-8CB5-E6EF8EF1C9F8}"
EndProject
Project("{8BC9CEB8-8B4A-11D0-8D11-00A0C91BC942}") = "053a", "053a\053a.vcxproj", "{6D0D2070-1C7F-4FC2-A480-2BA48558DF3A}"
EndProject
Project("{8BC9CEB8-8B4A-11D0-8D11-00A0C91BC942}") = "054a", "054a\054a.vcxproj", "{073368F5-8683-4961-BBC3-CAF784B94593}"
EndProject
Project("{8BC9CEB8-8B4A-11D0-8D11-00A0C91BC942}") = "055a", "055a\055a.vcxproj", "{3E10A971-F8D9-46D9-AAE7-72231BA2D0A3}"
EndProject
Project("{8BC9CEB8-8B4A-11D0-8D11-00A0C91BC942}") = "058a", "058a\058a.vcxproj", "{AD86D14A-FC3B-48EF-96F2-456F65220B90}"
EndProject
Project("{8BC9CEB8-8B4A-11D0-8D11-00A0C91BC942}") = "057a", "057a\057a.vcxproj", "{8457640B-1060-485F-9048-CEB1973E19C7}"
EndProject
Project("{8BC9CEB8-8B4A-11D0-8D11-00A0C91BC942}") = "059a", "059a\059a.vcxproj", "{9A462BF7-A900-47EB-8D82-CF6117CE674F}"
EndProject
Project("{8BC9CEB8-8B4A-11D0-8D11-00A0C91BC942}") = "063b", "063b\063b.vcxproj", "{F97DE6B3-61D2-4500-81CF-2E53F258C88E}"
EndProject
Global
	GlobalSection(SolutionConfigurationPlatforms) = preSolution
		Debug|x64 = Debug|x64
		Debug|x86 = Debug|x86
		Release|x64 = Release|x64
		Release|x86 = Release|x86
	EndGlobalSection
	GlobalSection(ProjectConfigurationPlatforms) = postSolution
		{0BDD1496-04F5-4837-BF87-CAD333ABD7B1}.Debug|x64.ActiveCfg = Debug|x64
		{0BDD1496-04F5-4837-BF87-CAD333ABD7B1}.Debug|x64.Build.0 = Debug|x64
		{0BDD1496-04F5-4837-BF87-CAD333ABD7B1}.Debug|x86.ActiveCfg = Debug|Win32
		{0BDD1496-04F5-4837-BF87-CAD333ABD7B1}.Debug|x86.Build.0 = Debug|Win32
		{0BDD1496-04F5-4837-BF87-CAD333ABD7B1}.Release|x64.ActiveCfg = Release|x64
		{0BDD1496-04F5-4837-BF87-CAD333ABD7B1}.Release|x64.Build.0 = Release|x64
		{0BDD1496-04F5-4837-BF87-CAD333ABD7B1}.Release|x86.ActiveCfg = Release|Win32
		{0BDD1496-04F5-4837-BF87-CAD333ABD7B1}.Release|x86.Build.0 = Release|Win32
		{45B9C9B3-31DA-4CF3-9C13-FAC23FF99D65}.Debug|x64.ActiveCfg = Debug|x64
		{45B9C9B3-31DA-4CF3-9C13-FAC23FF99D65}.Debug|x64.Build.0 = Debug|x64
		{45B9C9B3-31DA-4CF3-9C13-FAC23FF99D65}.Debug|x86.ActiveCfg = Debug|Win32
		{45B9C9B3-31DA-4CF3-9C13-FAC23FF99D65}.Debug|x86.Build.0 = Debug|Win32
		{45B9C9B3-31DA-4CF3-9C13-FAC23FF99D65}.Release|x64.ActiveCfg = Release|x64
		{45B9C9B3-31DA-4CF3-9C13-FAC23FF99D65}.Release|x64.Build.0 = Release|x64
		{45B9C9B3-31DA-4CF3-9C13-FAC23FF99D65}.Release|x86.ActiveCfg = Release|Win32
		{45B9C9B3-31DA-4CF3-9C13-FAC23FF99D65}.Release|x86.Build.0 = Release|Win32
		{91B1D16A-8012-46A9-B24C-C046864E716E}.Debug|x64.ActiveCfg = Debug|x64
		{91B1D16A-8012-46A9-B24C-C046864E716E}.Debug|x64.Build.0 = Debug|x64
		{91B1D16A-8012-46A9-B24C-C046864E716E}.Debug|x86.ActiveCfg = Debug|Win32
		{91B1D16A-8012-46A9-B24C-C046864E716E}.Debug|x86.Build.0 = Debug|Win32
		{91B1D16A-8012-46A9-B24C-C046864E716E}.Release|x64.ActiveCfg = Release|x64
		{91B1D16A-8012-46A9-B24C-C046864E716E}.Release|x64.Build.0 = Release|x64
		{91B1D16A-8012-46A9-B24C-C046864E716E}.Release|x86.ActiveCfg = Release|Win32
		{91B1D16A-8012-46A9-B24C-C046864E716E}.Release|x86.Build.0 = Release|Win32
		{7C4E163F-03FF-404F-AD5C-F1B5585FB46E}.Debug|x64.ActiveCfg = Debug|x64
		{7C4E163F-03FF-404F-AD5C-F1B5585FB46E}.Debug|x64.Build.0 = Debug|x64
		{7C4E163F-03FF-404F-AD5C-F1B5585FB46E}.Debug|x86.ActiveCfg = Debug|Win32
		{7C4E163F-03FF-404F-AD5C-F1B5585FB46E}.Debug|x86.Build.0 = Debug|Win32
		{7C4E163F-03FF-404F-AD5C-F1B5585FB46E}.Release|x64.ActiveCfg = Release|x64
		{7C4E163F-03FF-404F-AD5C-F1B5585FB46E}.Release|x64.Build.0 = Release|x64
		{7C4E163F-03FF-404F-AD5C-F1B5585FB46E}.Release|x86.ActiveCfg = Release|Win32
		{7C4E163F-03FF-404F-AD5C-F1B5585FB46E}.Release|x86.Build.0 = Release|Win32
		{64219851-5763-4605-B709-BDE8AB971544}.Debug|x64.ActiveCfg = Debug|x64
		{64219851-5763-4605-B709-BDE8AB971544}.Debug|x64.Build.0 = Debug|x64
		{64219851-5763-4605-B709-BDE8AB971544}.Debug|x86.ActiveCfg = Debug|Win32
		{64219851-5763-4605-B709-BDE8AB971544}.Debug|x86.Build.0 = Debug|Win32
		{64219851-5763-4605-B709-BDE8AB971544}.Release|x64.ActiveCfg = Release|x64
		{64219851-5763-4605-B709-BDE8AB971544}.Release|x64.Build.0 = Release|x64
		{64219851-5763-4605-B709-BDE8AB971544}.Release|x86.ActiveCfg = Release|Win32
		{64219851-5763-4605-B709-BDE8AB971544}.Release|x86.Build.0 = Release|Win32
		{5083F706-6F1D-4247-BD70-EFD7F9B85C44}.Debug|x64.ActiveCfg = Debug|x64
		{5083F706-6F1D-4247-BD70-EFD7F9B85C44}.Debug|x64.Build.0 = Debug|x64
		{5083F706-6F1D-4247-BD70-EFD7F9B85C44}.Debug|x86.ActiveCfg = Debug|Win32
		{5083F706-6F1D-4247-BD70-EFD7F9B85C44}.Debug|x86.Build.0 = Debug|Win32
		{5083F706-6F1D-4247-BD70-EFD7F9B85C44}.Release|x64.ActiveCfg = Release|x64
		{5083F706-6F1D-4247-BD70-EFD7F9B85C44}.Release|x64.Build.0 = Release|x64
		{5083F706-6F1D-4247-BD70-EFD7F9B85C44}.Release|x86.ActiveCfg = Release|Win32
		{5083F706-6F1D-4247-BD70-EFD7F9B85C44}.Release|x86.Build.0 = Release|Win32
		{FD45A131-BE35-44D7-B0D6-5302770B7458}.Debug|x64.ActiveCfg = Debug|x64
		{FD45A131-BE35-44D7-B0D6-5302770B7458}.Debug|x64.Build.0 = Debug|x64
		{FD45A131-BE35-44D7-B0D6-5302770B7458}.Debug|x86.ActiveCfg = Debug|Win32
		{FD45A131-BE35-44D7-B0D6-5302770B7458}.Debug|x86.Build.0 = Debug|Win32
		{FD45A131-BE35-44D7-B0D6-5302770B7458}.Release|x64.ActiveCfg = Release|x64
		{FD45A131-BE35-44D7-B0D6-5302770B7458}.Release|x64.Build.0 = Release|x64
		{FD45A131-BE35-44D7-B0D6-5302770B7458}.Release|x86.ActiveCfg = Release|Win32
		{FD45A131-BE35-44D7-B0D6-5302770B7458}.Release|x86.Build.0 = Release|Win32
		{19B44705-ABCD-48D4-AF26-759D8122EB69}.Debug|x64.ActiveCfg = Debug|x64
		{19B44705-ABCD-48D4-AF26-759D8122EB69}.Debug|x64.Build.0 = Debug|x64
		{19B44705-ABCD-48D4-AF26-759D8122EB69}.Debug|x86.ActiveCfg = Debug|Win32
		{19B44705-ABCD-48D4-AF26-759D8122EB69}.Debug|x86.Build.0 = Debug|Win32
		{19B44705-ABCD-48D4-AF26-759D8122EB69}.Release|x64.ActiveCfg = Release|x64
		{19B44705-ABCD-48D4-AF26-759D8122EB69}.Release|x64.Build.0 = Release|x64
		{19B44705-ABCD-48D4-AF26-759D8122EB69}.Release|x86.ActiveCfg = Release|Win32
		{19B44705-ABCD-48D4-AF26-759D8122EB69}.Release|x86.Build.0 = Release|Win32
		{A825899D-0A70-4661-9609-1E98DDD0A153}.Debug|x64.ActiveCfg = Debug|x64
		{A825899D-0A70-4661-9609-1E98DDD0A153}.Debug|x64.Build.0 = Debug|x64
		{A825899D-0A70-4661-9609-1E98DDD0A153}.Debug|x86.ActiveCfg = Debug|Win32
		{A825899D-0A70-4661-9609-1E98DDD0A153}.Debug|x86.Build.0 = Debug|Win32
		{A825899D-0A70-4661-9609-1E98DDD0A153}.Release|x64.ActiveCfg = Release|x64
		{A825899D-0A70-4661-9609-1E98DDD0A153}.Release|x64.Build.0 = Release|x64
		{A825899D-0A70-4661-9609-1E98DDD0A153}.Release|x86.ActiveCfg = Release|Win32
		{A825899D-0A70-4661-9609-1E98DDD0A153}.Release|x86.Build.0 = Release|Win32
		{4C4FB126-7062-4742-871A-6ED5D7933A9B}.Debug|x64.ActiveCfg = Debug|x64
		{4C4FB126-7062-4742-871A-6ED5D7933A9B}.Debug|x64.Build.0 = Debug|x64
		{4C4FB126-7062-4742-871A-6ED5D7933A9B}.Debug|x86.ActiveCfg = Debug|Win32
		{4C4FB126-7062-4742-871A-6ED5D7933A9B}.Debug|x86.Build.0 = Debug|Win32
		{4C4FB126-7062-4742-871A-6ED5D7933A9B}.Release|x64.ActiveCfg = Release|x64
		{4C4FB126-7062-4742-871A-6ED5D7933A9B}.Release|x64.Build.0 = Release|x64
		{4C4FB126-7062-4742-871A-6ED5D7933A9B}.Release|x86.ActiveCfg = Release|Win32
		{4C4FB126-7062-4742-871A-6ED5D7933A9B}.Release|x86.Build.0 = Release|Win32
		{7F2AADDE-B42D-4C9A-AB6F-CEAAD0F08BC1}.Debug|x64.ActiveCfg = Debug|x64
		{7F2AADDE-B42D-4C9A-AB6F-CEAAD0F08BC1}.Debug|x64.Build.0 = Debug|x64
		{7F2AADDE-B42D-4C9A-AB6F-CEAAD0F08BC1}.Debug|x86.ActiveCfg = Debug|Win32
		{7F2AADDE-B42D-4C9A-AB6F-CEAAD0F08BC1}.Debug|x86.Build.0 = Debug|Win32
		{7F2AADDE-B42D-4C9A-AB6F-CEAAD0F08BC1}.Release|x64.ActiveCfg = Release|x64
		{7F2AADDE-B42D-4C9A-AB6F-CEAAD0F08BC1}.Release|x64.Build.0 = Release|x64
		{7F2AADDE-B42D-4C9A-AB6F-CEAAD0F08BC1}.Release|x86.ActiveCfg = Release|Win32
		{7F2AADDE-B42D-4C9A-AB6F-CEAAD0F08BC1}.Release|x86.Build.0 = Release|Win32
		{E5139317-BBDF-4AF8-BF81-E8A4C3C89BAC}.Debug|x64.ActiveCfg = Debug|x64
		{E5139317-BBDF-4AF8-BF81-E8A4C3C89BAC}.Debug|x64.Build.0 = Debug|x64
		{E5139317-BBDF-4AF8-BF81-E8A4C3C89BAC}.Debug|x86.ActiveCfg = Debug|Win32
		{E5139317-BBDF-4AF8-BF81-E8A4C3C89BAC}.Debug|x86.Build.0 = Debug|Win32
		{E5139317-BBDF-4AF8-BF81-E8A4C3C89BAC}.Release|x64.ActiveCfg = Release|x64
		{E5139317-BBDF-4AF8-BF81-E8A4C3C89BAC}.Release|x64.Build.0 = Release|x64
		{E5139317-BBDF-4AF8-BF81-E8A4C3C89BAC}.Release|x86.ActiveCfg = Release|Win32
		{E5139317-BBDF-4AF8-BF81-E8A4C3C89BAC}.Release|x86.Build.0 = Release|Win32
		{C555E16D-8D78-4E04-9596-FECCC89E4F82}.Debug|x64.ActiveCfg = Debug|x64
		{C555E16D-8D78-4E04-9596-FECCC89E4F82}.Debug|x64.Build.0 = Debug|x64
		{C555E16D-8D78-4E04-9596-FECCC89E4F82}.Debug|x86.ActiveCfg = Debug|Win32
		{C555E16D-8D78-4E04-9596-FECCC89E4F82}.Debug|x86.Build.0 = Debug|Win32
		{C555E16D-8D78-4E04-9596-FECCC89E4F82}.Release|x64.ActiveCfg = Release|x64
		{C555E16D-8D78-4E04-9596-FECCC89E4F82}.Release|x64.Build.0 = Release|x64
		{C555E16D-8D78-4E04-9596-FECCC89E4F82}.Release|x86.ActiveCfg = Release|Win32
		{C555E16D-8D78-4E04-9596-FECCC89E4F82}.Release|x86.Build.0 = Release|Win32
		{678332BC-CDE3-4B1A-8D42-1E8799B9564B}.Debug|x64.ActiveCfg = Debug|x64
		{678332BC-CDE3-4B1A-8D42-1E8799B9564B}.Debug|x64.Build.0 = Debug|x64
		{678332BC-CDE3-4B1A-8D42-1E8799B9564B}.Debug|x86.ActiveCfg = Debug|Win32
		{678332BC-CDE3-4B1A-8D42-1E8799B9564B}.Debug|x86.Build.0 = Debug|Win32
		{678332BC-CDE3-4B1A-8D42-1E8799B9564B}.Release|x64.ActiveCfg = Release|x64
		{678332BC-CDE3-4B1A-8D42-1E8799B9564B}.Release|x64.Build.0 = Release|x64
		{678332BC-CDE3-4B1A-8D42-1E8799B9564B}.Release|x86.ActiveCfg = Release|Win32
		{678332BC-CDE3-4B1A-8D42-1E8799B9564B}.Release|x86.Build.0 = Release|Win32
		{8A9E9B2B-F307-4AC9-A198-B4E49D502A50}.Debug|x64.ActiveCfg = Debug|x64
		{8A9E9B2B-F307-4AC9-A198-B4E49D502A50}.Debug|x64.Build.0 = Debug|x64
		{8A9E9B2B-F307-4AC9-A198-B4E49D502A50}.Debug|x86.ActiveCfg = Debug|Win32
		{8A9E9B2B-F307-4AC9-A198-B4E49D502A50}.Debug|x86.Build.0 = Debug|Win32
		{8A9E9B2B-F307-4AC9-A198-B4E49D502A50}.Release|x64.ActiveCfg = Release|x64
		{8A9E9B2B-F307-4AC9-A198-B4E49D502A50}.Release|x64.Build.0 = Release|x64
		{8A9E9B2B-F307-4AC9-A198-B4E49D502A50}.Release|x86.ActiveCfg = Release|Win32
		{8A9E9B2B-F307-4AC9-A198-B4E49D502A50}.Release|x86.Build.0 = Release|Win32
		{72471D89-3C44-4CB5-B806-3A2D3729398D}.Debug|x64.ActiveCfg = Debug|x64
		{72471D89-3C44-4CB5-B806-3A2D3729398D}.Debug|x64.Build.0 = Debug|x64
		{72471D89-3C44-4CB5-B806-3A2D3729398D}.Debug|x86.ActiveCfg = Debug|Win32
		{72471D89-3C44-4CB5-B806-3A2D3729398D}.Debug|x86.Build.0 = Debug|Win32
		{72471D89-3C44-4CB5-B806-3A2D3729398D}.Release|x64.ActiveCfg = Release|x64
		{72471D89-3C44-4CB5-B806-3A2D3729398D}.Release|x64.Build.0 = Release|x64
		{72471D89-3C44-4CB5-B806-3A2D3729398D}.Release|x86.ActiveCfg = Release|Win32
		{72471D89-3C44-4CB5-B806-3A2D3729398D}.Release|x86.Build.0 = Release|Win32
		{006A72B9-5B58-46F3-9587-021A94ADB26A}.Debug|x64.ActiveCfg = Debug|x64
		{006A72B9-5B58-46F3-9587-021A94ADB26A}.Debug|x64.Build.0 = Debug|x64
		{006A72B9-5B58-46F3-9587-021A94ADB26A}.Debug|x86.ActiveCfg = Debug|Win32
		{006A72B9-5B58-46F3-9587-021A94ADB26A}.Debug|x86.Build.0 = Debug|Win32
		{006A72B9-5B58-46F3-9587-021A94ADB26A}.Release|x64.ActiveCfg = Release|x64
		{006A72B9-5B58-46F3-9587-021A94ADB26A}.Release|x64.Build.0 = Release|x64
		{006A72B9-5B58-46F3-9587-021A94ADB26A}.Release|x86.ActiveCfg = Release|Win32
		{006A72B9-5B58-46F3-9587-021A94ADB26A}.Release|x86.Build.0 = Release|Win32
		{86FDFA4A-D913-4B79-AFF6-9FB8C3474CC4}.Debug|x64.ActiveCfg = Debug|x64
		{86FDFA4A-D913-4B79-AFF6-9FB8C3474CC4}.Debug|x64.Build.0 = Debug|x64
		{86FDFA4A-D913-4B79-AFF6-9FB8C3474CC4}.Debug|x86.ActiveCfg = Debug|Win32
		{86FDFA4A-D913-4B79-AFF6-9FB8C3474CC4}.Debug|x86.Build.0 = Debug|Win32
		{86FDFA4A-D913-4B79-AFF6-9FB8C3474CC4}.Release|x64.ActiveCfg = Release|x64
		{86FDFA4A-D913-4B79-AFF6-9FB8C3474CC4}.Release|x64.Build.0 = Release|x64
		{86FDFA4A-D913-4B79-AFF6-9FB8C3474CC4}.Release|x86.ActiveCfg = Release|Win32
		{86FDFA4A-D913-4B79-AFF6-9FB8C3474CC4}.Release|x86.Build.0 = Release|Win32
		{86E1B933-1E76-4783-8239-16CCA8A73023}.Debug|x64.ActiveCfg = Debug|x64
		{86E1B933-1E76-4783-8239-16CCA8A73023}.Debug|x64.Build.0 = Debug|x64
		{86E1B933-1E76-4783-8239-16CCA8A73023}.Debug|x86.ActiveCfg = Debug|Win32
		{86E1B933-1E76-4783-8239-16CCA8A73023}.Debug|x86.Build.0 = Debug|Win32
		{86E1B933-1E76-4783-8239-16CCA8A73023}.Release|x64.ActiveCfg = Release|x64
		{86E1B933-1E76-4783-8239-16CCA8A73023}.Release|x64.Build.0 = Release|x64
		{86E1B933-1E76-4783-8239-16CCA8A73023}.Release|x86.ActiveCfg = Release|Win32
		{86E1B933-1E76-4783-8239-16CCA8A73023}.Release|x86.Build.0 = Release|Win32
		{E0A5E134-AF14-4889-9167-F655561A24FC}.Debug|x64.ActiveCfg = Debug|x64
		{E0A5E134-AF14-4889-9167-F655561A24FC}.Debug|x64.Build.0 = Debug|x64
		{E0A5E134-AF14-4889-9167-F655561A24FC}.Debug|x86.ActiveCfg = Debug|Win32
		{E0A5E134-AF14-4889-9167-F655561A24FC}.Debug|x86.Build.0 = Debug|Win32
		{E0A5E134-AF14-4889-9167-F655561A24FC}.Release|x64.ActiveCfg = Release|x64
		{E0A5E134-AF14-4889-9167-F655561A24FC}.Release|x64.Build.0 = Release|x64
		{E0A5E134-AF14-4889-9167-F655561A24FC}.Release|x86.ActiveCfg = Release|Win32
		{E0A5E134-AF14-4889-9167-F655561A24FC}.Release|x86.Build.0 = Release|Win32
		{81803296-5C2F-48E8-9E3F-905E07B80352}.Debug|x64.ActiveCfg = Debug|x64
		{81803296-5C2F-48E8-9E3F-905E07B80352}.Debug|x64.Build.0 = Debug|x64
		{81803296-5C2F-48E8-9E3F-905E07B80352}.Debug|x86.ActiveCfg = Debug|Win32
		{81803296-5C2F-48E8-9E3F-905E07B80352}.Debug|x86.Build.0 = Debug|Win32
		{81803296-5C2F-48E8-9E3F-905E07B80352}.Release|x64.ActiveCfg = Release|x64
		{81803296-5C2F-48E8-9E3F-905E07B80352}.Release|x64.Build.0 = Release|x64
		{81803296-5C2F-48E8-9E3F-905E07B80352}.Release|x86.ActiveCfg = Release|Win32
		{81803296-5C2F-48E8-9E3F-905E07B80352}.Release|x86.Build.0 = Release|Win32
		{AD865096-7A12-4AE5-8BB1-ACFC58237C97}.Debug|x64.ActiveCfg = Debug|x64
		{AD865096-7A12-4AE5-8BB1-ACFC58237C97}.Debug|x64.Build.0 = Debug|x64
		{AD865096-7A12-4AE5-8BB1-ACFC58237C97}.Debug|x86.ActiveCfg = Debug|Win32
		{AD865096-7A12-4AE5-8BB1-ACFC58237C97}.Debug|x86.Build.0 = Debug|Win32
		{AD865096-7A12-4AE5-8BB1-ACFC58237C97}.Release|x64.ActiveCfg = Release|x64
		{AD865096-7A12-4AE5-8BB1-ACFC58237C97}.Release|x64.Build.0 = Release|x64
		{AD865096-7A12-4AE5-8BB1-ACFC58237C97}.Release|x86.ActiveCfg = Release|Win32
		{AD865096-7A12-4AE5-8BB1-ACFC58237C97}.Release|x86.Build.0 = Release|Win32
		{B4126F57-2149-46CB-B2C4-670AC7B65542}.Debug|x64.ActiveCfg = Debug|x64
		{B4126F57-2149-46CB-B2C4-670AC7B65542}.Debug|x64.Build.0 = Debug|x64
		{B4126F57-2149-46CB-B2C4-670AC7B65542}.Debug|x86.ActiveCfg = Debug|Win32
		{B4126F57-2149-46CB-B2C4-670AC7B65542}.Debug|x86.Build.0 = Debug|Win32
		{B4126F57-2149-46CB-B2C4-670AC7B65542}.Release|x64.ActiveCfg = Release|x64
		{B4126F57-2149-46CB-B2C4-670AC7B65542}.Release|x64.Build.0 = Release|x64
		{B4126F57-2149-46CB-B2C4-670AC7B65542}.Release|x86.ActiveCfg = Release|Win32
		{B4126F57-2149-46CB-B2C4-670AC7B65542}.Release|x86.Build.0 = Release|Win32
		{B2093073-EB5D-4916-92C4-4588AB9D9908}.Debug|x64.ActiveCfg = Debug|x64
		{B2093073-EB5D-4916-92C4-4588AB9D9908}.Debug|x64.Build.0 = Debug|x64
		{B2093073-EB5D-4916-92C4-4588AB9D9908}.Debug|x86.ActiveCfg = Debug|Win32
		{B2093073-EB5D-4916-92C4-4588AB9D9908}.Debug|x86.Build.0 = Debug|Win32
		{B2093073-EB5D-4916-92C4-4588AB9D9908}.Release|x64.ActiveCfg = Release|x64
		{B2093073-EB5D-4916-92C4-4588AB9D9908}.Release|x64.Build.0 = Release|x64
		{B2093073-EB5D-4916-92C4-4588AB9D9908}.Release|x86.ActiveCfg = Release|Win32
		{B2093073-EB5D-4916-92C4-4588AB9D9908}.Release|x86.Build.0 = Release|Win32
		{7DD4DF18-A729-4321-A091-33CEBD2AA144}.Debug|x64.ActiveCfg = Debug|x64
		{7DD4DF18-A729-4321-A091-33CEBD2AA144}.Debug|x64.Build.0 = Debug|x64
		{7DD4DF18-A729-4321-A091-33CEBD2AA144}.Debug|x86.ActiveCfg = Debug|Win32
		{7DD4DF18-A729-4321-A091-33CEBD2AA144}.Debug|x86.Build.0 = Debug|Win32
		{7DD4DF18-A729-4321-A091-33CEBD2AA144}.Release|x64.ActiveCfg = Release|x64
		{7DD4DF18-A729-4321-A091-33CEBD2AA144}.Release|x64.Build.0 = Release|x64
		{7DD4DF18-A729-4321-A091-33CEBD2AA144}.Release|x86.ActiveCfg = Release|Win32
		{7DD4DF18-A729-4321-A091-33CEBD2AA144}.Release|x86.Build.0 = Release|Win32
		{9AACEA8D-2A90-4D4F-92C2-71EE2867003F}.Debug|x64.ActiveCfg = Debug|x64
		{9AACEA8D-2A90-4D4F-92C2-71EE2867003F}.Debug|x64.Build.0 = Debug|x64
		{9AACEA8D-2A90-4D4F-92C2-71EE2867003F}.Debug|x86.ActiveCfg = Debug|Win32
		{9AACEA8D-2A90-4D4F-92C2-71EE2867003F}.Debug|x86.Build.0 = Debug|Win32
		{9AACEA8D-2A90-4D4F-92C2-71EE2867003F}.Release|x64.ActiveCfg = Release|x64
		{9AACEA8D-2A90-4D4F-92C2-71EE2867003F}.Release|x64.Build.0 = Release|x64
		{9AACEA8D-2A90-4D4F-92C2-71EE2867003F}.Release|x86.ActiveCfg = Release|Win32
		{9AACEA8D-2A90-4D4F-92C2-71EE2867003F}.Release|x86.Build.0 = Release|Win32
		{5D1914B6-0F2D-4B05-9959-234B99ADED0A}.Debug|x64.ActiveCfg = Debug|x64
		{5D1914B6-0F2D-4B05-9959-234B99ADED0A}.Debug|x64.Build.0 = Debug|x64
		{5D1914B6-0F2D-4B05-9959-234B99ADED0A}.Debug|x86.ActiveCfg = Debug|Win32
		{5D1914B6-0F2D-4B05-9959-234B99ADED0A}.Debug|x86.Build.0 = Debug|Win32
		{5D1914B6-0F2D-4B05-9959-234B99ADED0A}.Release|x64.ActiveCfg = Release|x64
		{5D1914B6-0F2D-4B05-9959-234B99ADED0A}.Release|x64.Build.0 = Release|x64
		{5D1914B6-0F2D-4B05-9959-234B99ADED0A}.Release|x86.ActiveCfg = Release|Win32
		{5D1914B6-0F2D-4B05-9959-234B99ADED0A}.Release|x86.Build.0 = Release|Win32
		{C4E2BD58-EB0E-4D42-8322-A9E431EEB68B}.Debug|x64.ActiveCfg = Debug|x64
		{C4E2BD58-EB0E-4D42-8322-A9E431EEB68B}.Debug|x64.Build.0 = Debug|x64
		{C4E2BD58-EB0E-4D42-8322-A9E431EEB68B}.Debug|x86.ActiveCfg = Debug|Win32
		{C4E2BD58-EB0E-4D42-8322-A9E431EEB68B}.Debug|x86.Build.0 = Debug|Win32
		{C4E2BD58-EB0E-4D42-8322-A9E431EEB68B}.Release|x64.ActiveCfg = Release|x64
		{C4E2BD58-EB0E-4D42-8322-A9E431EEB68B}.Release|x64.Build.0 = Release|x64
		{C4E2BD58-EB0E-4D42-8322-A9E431EEB68B}.Release|x86.ActiveCfg = Release|Win32
		{C4E2BD58-EB0E-4D42-8322-A9E431EEB68B}.Release|x86.Build.0 = Release|Win32
		{86C111B9-B32B-4CC0-AFC4-EEBBBDB0BEFA}.Debug|x64.ActiveCfg = Debug|x64
		{86C111B9-B32B-4CC0-AFC4-EEBBBDB0BEFA}.Debug|x64.Build.0 = Debug|x64
		{86C111B9-B32B-4CC0-AFC4-EEBBBDB0BEFA}.Debug|x86.ActiveCfg = Debug|Win32
		{86C111B9-B32B-4CC0-AFC4-EEBBBDB0BEFA}.Debug|x86.Build.0 = Debug|Win32
		{86C111B9-B32B-4CC0-AFC4-EEBBBDB0BEFA}.Release|x64.ActiveCfg = Release|x64
		{86C111B9-B32B-4CC0-AFC4-EEBBBDB0BEFA}.Release|x64.Build.0 = Release|x64
		{86C111B9-B32B-4CC0-AFC4-EEBBBDB0BEFA}.Release|x86.ActiveCfg = Release|Win32
		{86C111B9-B32B-4CC0-AFC4-EEBBBDB0BEFA}.Release|x86.Build.0 = Release|Win32
		{C41CE842-2F7E-41C5-914F-10E533492381}.Debug|x64.ActiveCfg = Debug|x64
		{C41CE842-2F7E-41C5-914F-10E533492381}.Debug|x64.Build.0 = Debug|x64
		{C41CE842-2F7E-41C5-914F-10E533492381}.Debug|x86.ActiveCfg = Debug|Win32
		{C41CE842-2F7E-41C5-914F-10E533492381}.Debug|x86.Build.0 = Debug|Win32
		{C41CE842-2F7E-41C5-914F-10E533492381}.Release|x64.ActiveCfg = Release|x64
		{C41CE842-2F7E-41C5-914F-10E533492381}.Release|x64.Build.0 = Release|x64
		{C41CE842-2F7E-41C5-914F-10E533492381}.Release|x86.ActiveCfg = Release|Win32
		{C41CE842-2F7E-41C5-914F-10E533492381}.Release|x86.Build.0 = Release|Win32
		{0B7C4511-F1D2-49AF-BE5B-FFEA8035B3CB}.Debug|x64.ActiveCfg = Debug|x64
		{0B7C4511-F1D2-49AF-BE5B-FFEA8035B3CB}.Debug|x64.Build.0 = Debug|x64
		{0B7C4511-F1D2-49AF-BE5B-FFEA8035B3CB}.Debug|x86.ActiveCfg = Debug|Win32
		{0B7C4511-F1D2-49AF-BE5B-FFEA8035B3CB}.Debug|x86.Build.0 = Debug|Win32
		{0B7C4511-F1D2-49AF-BE5B-FFEA8035B3CB}.Release|x64.ActiveCfg = Release|x64
		{0B7C4511-F1D2-49AF-BE5B-FFEA8035B3CB}.Release|x64.Build.0 = Release|x64
		{0B7C4511-F1D2-49AF-BE5B-FFEA8035B3CB}.Release|x86.ActiveCfg = Release|Win32
		{0B7C4511-F1D2-49AF-BE5B-FFEA8035B3CB}.Release|x86.Build.0 = Release|Win32
		{E7EED07D-D189-41B9-8CA2-7BCE10CA64A3}.Debug|x64.ActiveCfg = Debug|x64
		{E7EED07D-D189-41B9-8CA2-7BCE10CA64A3}.Debug|x64.Build.0 = Debug|x64
		{E7EED07D-D189-41B9-8CA2-7BCE10CA64A3}.Debug|x86.ActiveCfg = Debug|Win32
		{E7EED07D-D189-41B9-8CA2-7BCE10CA64A3}.Debug|x86.Build.0 = Debug|Win32
		{E7EED07D-D189-41B9-8CA2-7BCE10CA64A3}.Release|x64.ActiveCfg = Release|x64
		{E7EED07D-D189-41B9-8CA2-7BCE10CA64A3}.Release|x64.Build.0 = Release|x64
		{E7EED07D-D189-41B9-8CA2-7BCE10CA64A3}.Release|x86.ActiveCfg = Release|Win32
		{E7EED07D-D189-41B9-8CA2-7BCE10CA64A3}.Release|x86.Build.0 = Release|Win32
		{52D32CAB-61E3-4497-83D0-CC4941CB4C76}.Debug|x64.ActiveCfg = Debug|x64
		{52D32CAB-61E3-4497-83D0-CC4941CB4C76}.Debug|x64.Build.0 = Debug|x64
		{52D32CAB-61E3-4497-83D0-CC4941CB4C76}.Debug|x86.ActiveCfg = Debug|Win32
		{52D32CAB-61E3-4497-83D0-CC4941CB4C76}.Debug|x86.Build.0 = Debug|Win32
		{52D32CAB-61E3-4497-83D0-CC4941CB4C76}.Release|x64.ActiveCfg = Release|x64
		{52D32CAB-61E3-4497-83D0-CC4941CB4C76}.Release|x64.Build.0 = Release|x64
		{52D32CAB-61E3-4497-83D0-CC4941CB4C76}.Release|x86.ActiveCfg = Release|Win32
		{52D32CAB-61E3-4497-83D0-CC4941CB4C76}.Release|x86.Build.0 = Release|Win32
		{E0DC4EEB-6FAE-40E1-96FC-4DCE47D6D110}.Debug|x64.ActiveCfg = Debug|x64
		{E0DC4EEB-6FAE-40E1-96FC-4DCE47D6D110}.Debug|x64.Build.0 = Debug|x64
		{E0DC4EEB-6FAE-40E1-96FC-4DCE47D6D110}.Debug|x86.ActiveCfg = Debug|Win32
		{E0DC4EEB-6FAE-40E1-96FC-4DCE47D6D110}.Debug|x86.Build.0 = Debug|Win32
		{E0DC4EEB-6FAE-40E1-96FC-4DCE47D6D110}.Release|x64.ActiveCfg = Release|x64
		{E0DC4EEB-6FAE-40E1-96FC-4DCE47D6D110}.Release|x64.Build.0 = Release|x64
		{E0DC4EEB-6FAE-40E1-96FC-4DCE47D6D110}.Release|x86.ActiveCfg = Release|Win32
		{E0DC4EEB-6FAE-40E1-96FC-4DCE47D6D110}.Release|x86.Build.0 = Release|Win32
		{AF402D2B-35CA-43E4-AFA6-E5AA6190820F}.Debug|x64.ActiveCfg = Debug|x64
		{AF402D2B-35CA-43E4-AFA6-E5AA6190820F}.Debug|x64.Build.0 = Debug|x64
		{AF402D2B-35CA-43E4-AFA6-E5AA6190820F}.Debug|x86.ActiveCfg = Debug|Win32
		{AF402D2B-35CA-43E4-AFA6-E5AA6190820F}.Debug|x86.Build.0 = Debug|Win32
		{AF402D2B-35CA-43E4-AFA6-E5AA6190820F}.Release|x64.ActiveCfg = Release|x64
		{AF402D2B-35CA-43E4-AFA6-E5AA6190820F}.Release|x64.Build.0 = Release|x64
		{AF402D2B-35CA-43E4-AFA6-E5AA6190820F}.Release|x86.ActiveCfg = Release|Win32
		{AF402D2B-35CA-43E4-AFA6-E5AA6190820F}.Release|x86.Build.0 = Release|Win32
		{77A5C1A1-420F-4E09-9432-F2CA68465F2C}.Debug|x64.ActiveCfg = Debug|x64
		{77A5C1A1-420F-4E09-9432-F2CA68465F2C}.Debug|x64.Build.0 = Debug|x64
		{77A5C1A1-420F-4E09-9432-F2CA68465F2C}.Debug|x86.ActiveCfg = Debug|Win32
		{77A5C1A1-420F-4E09-9432-F2CA68465F2C}.Debug|x86.Build.0 = Debug|Win32
		{77A5C1A1-420F-4E09-9432-F2CA68465F2C}.Release|x64.ActiveCfg = Release|x64
		{77A5C1A1-420F-4E09-9432-F2CA68465F2C}.Release|x64.Build.0 = Release|x64
		{77A5C1A1-420F-4E09-9432-F2CA68465F2C}.Release|x86.ActiveCfg = Release|Win32
		{77A5C1A1-420F-4E09-9432-F2CA68465F2C}.Release|x86.Build.0 = Release|Win32
		{71F2E1EB-E871-451F-84BC-9FBCE77231A4}.Debug|x64.ActiveCfg = Debug|x64
		{71F2E1EB-E871-451F-84BC-9FBCE77231A4}.Debug|x64.Build.0 = Debug|x64
		{71F2E1EB-E871-451F-84BC-9FBCE77231A4}.Debug|x86.ActiveCfg = Debug|Win32
		{71F2E1EB-E871-451F-84BC-9FBCE77231A4}.Debug|x86.Build.0 = Debug|Win32
		{71F2E1EB-E871-451F-84BC-9FBCE77231A4}.Release|x64.ActiveCfg = Release|x64
		{71F2E1EB-E871-451F-84BC-9FBCE77231A4}.Release|x64.Build.0 = Release|x64
		{71F2E1EB-E871-451F-84BC-9FBCE77231A4}.Release|x86.ActiveCfg = Release|Win32
		{71F2E1EB-E871-451F-84BC-9FBCE77231A4}.Release|x86.Build.0 = Release|Win32
		{A2CAF536-8A66-4BAB-A7FC-119616188914}.Debug|x64.ActiveCfg = Debug|x64
		{A2CAF536-8A66-4BAB-A7FC-119616188914}.Debug|x64.Build.0 = Debug|x64
		{A2CAF536-8A66-4BAB-A7FC-119616188914}.Debug|x86.ActiveCfg = Debug|Win32
		{A2CAF536-8A66-4BAB-A7FC-119616188914}.Debug|x86.Build.0 = Debug|Win32
		{A2CAF536-8A66-4BAB-A7FC-119616188914}.Release|x64.ActiveCfg = Release|x64
		{A2CAF536-8A66-4BAB-A7FC-119616188914}.Release|x64.Build.0 = Release|x64
		{A2CAF536-8A66-4BAB-A7FC-119616188914}.Release|x86.ActiveCfg = Release|Win32
		{A2CAF536-8A66-4BAB-A7FC-119616188914}.Release|x86.Build.0 = Release|Win32
		{1F461D1C-6E4D-4728-9BEB-5DF174061B95}.Debug|x64.ActiveCfg = Debug|x64
		{1F461D1C-6E4D-4728-9BEB-5DF174061B95}.Debug|x64.Build.0 = Debug|x64
		{1F461D1C-6E4D-4728-9BEB-5DF174061B95}.Debug|x86.ActiveCfg = Debug|Win32
		{1F461D1C-6E4D-4728-9BEB-5DF174061B95}.Debug|x86.Build.0 = Debug|Win32
		{1F461D1C-6E4D-4728-9BEB-5DF174061B95}.Release|x64.ActiveCfg = Release|x64
		{1F461D1C-6E4D-4728-9BEB-5DF174061B95}.Release|x64.Build.0 = Release|x64
		{1F461D1C-6E4D-4728-9BEB-5DF174061B95}.Release|x86.ActiveCfg = Release|Win32
		{1F461D1C-6E4D-4728-9BEB-5DF174061B95}.Release|x86.Build.0 = Release|Win32
		{6A3BF3A8-5058-4CAA-833E-FC78A2EE4AAC}.Debug|x64.ActiveCfg = Debug|x64
		{6A3BF3A8-5058-4CAA-833E-FC78A2EE4AAC}.Debug|x64.Build.0 = Debug|x64
		{6A3BF3A8-5058-4CAA-833E-FC78A2EE4AAC}.Debug|x86.ActiveCfg = Debug|Win32
		{6A3BF3A8-5058-4CAA-833E-FC78A2EE4AAC}.Debug|x86.Build.0 = Debug|Win32
		{6A3BF3A8-5058-4CAA-833E-FC78A2EE4AAC}.Release|x64.ActiveCfg = Release|x64
		{6A3BF3A8-5058-4CAA-833E-FC78A2EE4AAC}.Release|x64.Build.0 = Release|x64
		{6A3BF3A8-5058-4CAA-833E-FC78A2EE4AAC}.Release|x86.ActiveCfg = Release|Win32
		{6A3BF3A8-5058-4CAA-833E-FC78A2EE4AAC}.Release|x86.Build.0 = Release|Win32
		{30B62FCA-2A19-4022-AF68-38CE7C88D167}.Debug|x64.ActiveCfg = Debug|x64
		{30B62FCA-2A19-4022-AF68-38CE7C88D167}.Debug|x64.Build.0 = Debug|x64
		{30B62FCA-2A19-4022-AF68-38CE7C88D167}.Debug|x86.ActiveCfg = Debug|Win32
		{30B62FCA-2A19-4022-AF68-38CE7C88D167}.Debug|x86.Build.0 = Debug|Win32
		{30B62FCA-2A19-4022-AF68-38CE7C88D167}.Release|x64.ActiveCfg = Release|x64
		{30B62FCA-2A19-4022-AF68-38CE7C88D167}.Release|x64.Build.0 = Release|x64
		{30B62FCA-2A19-4022-AF68-38CE7C88D167}.Release|x86.ActiveCfg = Release|Win32
		{30B62FCA-2A19-4022-AF68-38CE7C88D167}.Release|x86.Build.0 = Release|Win32
		{E39A816C-EB37-4B13-9AE5-7E0EFB9A78BC}.Debug|x64.ActiveCfg = Debug|x64
		{E39A816C-EB37-4B13-9AE5-7E0EFB9A78BC}.Debug|x64.Build.0 = Debug|x64
		{E39A816C-EB37-4B13-9AE5-7E0EFB9A78BC}.Debug|x86.ActiveCfg = Debug|Win32
		{E39A816C-EB37-4B13-9AE5-7E0EFB9A78BC}.Debug|x86.Build.0 = Debug|Win32
		{E39A816C-EB37-4B13-9AE5-7E0EFB9A78BC}.Release|x64.ActiveCfg = Release|x64
		{E39A816C-EB37-4B13-9AE5-7E0EFB9A78BC}.Release|x64.Build.0 = Release|x64
		{E39A816C-EB37-4B13-9AE5-7E0EFB9A78BC}.Release|x86.ActiveCfg = Release|Win32
		{E39A816C-EB37-4B13-9AE5-7E0EFB9A78BC}.Release|x86.Build.0 = Release|Win32
		{BD0C9085-17BD-4AFE-B6CF-22724B6E938A}.Debug|x64.ActiveCfg = Debug|x64
		{BD0C9085-17BD-4AFE-B6CF-22724B6E938A}.Debug|x64.Build.0 = Debug|x64
		{BD0C9085-17BD-4AFE-B6CF-22724B6E938A}.Debug|x86.ActiveCfg = Debug|Win32
		{BD0C9085-17BD-4AFE-B6CF-22724B6E938A}.Debug|x86.Build.0 = Debug|Win32
		{BD0C9085-17BD-4AFE-B6CF-22724B6E938A}.Release|x64.ActiveCfg = Release|x64
		{BD0C9085-17BD-4AFE-B6CF-22724B6E938A}.Release|x64.Build.0 = Release|x64
		{BD0C9085-17BD-4AFE-B6CF-22724B6E938A}.Release|x86.ActiveCfg = Release|Win32
		{BD0C9085-17BD-4AFE-B6CF-22724B6E938A}.Release|x86.Build.0 = Release|Win32
		{B31F7277-DF3C-4575-BD55-3C4213603553}.Debug|x64.ActiveCfg = Debug|x64
		{B31F7277-DF3C-4575-BD55-3C4213603553}.Debug|x64.Build.0 = Debug|x64
		{B31F7277-DF3C-4575-BD55-3C4213603553}.Debug|x86.ActiveCfg = Debug|Win32
		{B31F7277-DF3C-4575-BD55-3C4213603553}.Debug|x86.Build.0 = Debug|Win32
		{B31F7277-DF3C-4575-BD55-3C4213603553}.Release|x64.ActiveCfg = Release|x64
		{B31F7277-DF3C-4575-BD55-3C4213603553}.Release|x64.Build.0 = Release|x64
		{B31F7277-DF3C-4575-BD55-3C4213603553}.Release|x86.ActiveCfg = Release|Win32
		{B31F7277-DF3C-4575-BD55-3C4213603553}.Release|x86.Build.0 = Release|Win32
		{C4C94943-C40A-4EC0-B3B1-960F85BAD066}.Debug|x64.ActiveCfg = Debug|x64
		{C4C94943-C40A-4EC0-B3B1-960F85BAD066}.Debug|x64.Build.0 = Debug|x64
		{C4C94943-C40A-4EC0-B3B1-960F85BAD066}.Debug|x86.ActiveCfg = Debug|Win32
		{C4C94943-C40A-4EC0-B3B1-960F85BAD066}.Debug|x86.Build.0 = Debug|Win32
		{C4C94943-C40A-4EC0-B3B1-960F85BAD066}.Release|x64.ActiveCfg = Release|x64
		{C4C94943-C40A-4EC0-B3B1-960F85BAD066}.Release|x64.Build.0 = Release|x64
		{C4C94943-C40A-4EC0-B3B1-960F85BAD066}.Release|x86.ActiveCfg = Release|Win32
		{C4C94943-C40A-4EC0-B3B1-960F85BAD066}.Release|x86.Build.0 = Release|Win32
		{6726C67E-1F9C-429B-A90F-08A326F78F2D}.Debug|x64.ActiveCfg = Debug|x64
		{6726C67E-1F9C-429B-A90F-08A326F78F2D}.Debug|x64.Build.0 = Debug|x64
		{6726C67E-1F9C-429B-A90F-08A326F78F2D}.Debug|x86.ActiveCfg = Debug|Win32
		{6726C67E-1F9C-429B-A90F-08A326F78F2D}.Debug|x86.Build.0 = Debug|Win32
		{6726C67E-1F9C-429B-A90F-08A326F78F2D}.Release|x64.ActiveCfg = Release|x64
		{6726C67E-1F9C-429B-A90F-08A326F78F2D}.Release|x64.Build.0 = Release|x64
		{6726C67E-1F9C-429B-A90F-08A326F78F2D}.Release|x86.ActiveCfg = Release|Win32
		{6726C67E-1F9C-429B-A90F-08A326F78F2D}.Release|x86.Build.0 = Release|Win32
		{A6E2884F-76CD-4BA6-B7D3-B1D6FCA89671}.Debug|x64.ActiveCfg = Debug|x64
		{A6E2884F-76CD-4BA6-B7D3-B1D6FCA89671}.Debug|x64.Build.0 = Debug|x64
		{A6E2884F-76CD-4BA6-B7D3-B1D6FCA89671}.Debug|x86.ActiveCfg = Debug|Win32
		{A6E2884F-76CD-4BA6-B7D3-B1D6FCA89671}.Debug|x86.Build.0 = Debug|Win32
		{A6E2884F-76CD-4BA6-B7D3-B1D6FCA89671}.Release|x64.ActiveCfg = Release|x64
		{A6E2884F-76CD-4BA6-B7D3-B1D6FCA89671}.Release|x64.Build.0 = Release|x64
		{A6E2884F-76CD-4BA6-B7D3-B1D6FCA89671}.Release|x86.ActiveCfg = Release|Win32
		{A6E2884F-76CD-4BA6-B7D3-B1D6FCA89671}.Release|x86.Build.0 = Release|Win32
		{33F16909-F31A-4133-8EF7-AE95BD37F969}.Debug|x64.ActiveCfg = Debug|x64
		{33F16909-F31A-4133-8EF7-AE95BD37F969}.Debug|x64.Build.0 = Debug|x64
		{33F16909-F31A-4133-8EF7-AE95BD37F969}.Debug|x86.ActiveCfg = Debug|Win32
		{33F16909-F31A-4133-8EF7-AE95BD37F969}.Debug|x86.Build.0 = Debug|Win32
		{33F16909-F31A-4133-8EF7-AE95BD37F969}.Release|x64.ActiveCfg = Release|x64
		{33F16909-F31A-4133-8EF7-AE95BD37F969}.Release|x64.Build.0 = Release|x64
		{33F16909-F31A-4133-8EF7-AE95BD37F969}.Release|x86.ActiveCfg = Release|Win32
		{33F16909-F31A-4133-8EF7-AE95BD37F969}.Release|x86.Build.0 = Release|Win32
		{21B8F01F-3F11-42D3-872E-0E951988A1C6}.Debug|x64.ActiveCfg = Debug|x64
		{21B8F01F-3F11-42D3-872E-0E951988A1C6}.Debug|x64.Build.0 = Debug|x64
		{21B8F01F-3F11-42D3-872E-0E951988A1C6}.Debug|x86.ActiveCfg = Debug|Win32
		{21B8F01F-3F11-42D3-872E-0E951988A1C6}.Debug|x86.Build.0 = Debug|Win32
		{21B8F01F-3F11-42D3-872E-0E951988A1C6}.Release|x64.ActiveCfg = Release|x64
		{21B8F01F-3F11-42D3-872E-0E951988A1C6}.Release|x64.Build.0 = Release|x64
		{21B8F01F-3F11-42D3-872E-0E951988A1C6}.Release|x86.ActiveCfg = Release|Win32
		{21B8F01F-3F11-42D3-872E-0E951988A1C6}.Release|x86.Build.0 = Release|Win32
		{A1B0B032-7DF0-44C5-B144-086346620285}.Debug|x64.ActiveCfg = Debug|x64
		{A1B0B032-7DF0-44C5-B144-086346620285}.Debug|x64.Build.0 = Debug|x64
		{A1B0B032-7DF0-44C5-B144-086346620285}.Debug|x86.ActiveCfg = Debug|Win32
		{A1B0B032-7DF0-44C5-B144-086346620285}.Debug|x86.Build.0 = Debug|Win32
		{A1B0B032-7DF0-44C5-B144-086346620285}.Release|x64.ActiveCfg = Release|x64
		{A1B0B032-7DF0-44C5-B144-086346620285}.Release|x64.Build.0 = Release|x64
		{A1B0B032-7DF0-44C5-B144-086346620285}.Release|x86.ActiveCfg = Release|Win32
		{A1B0B032-7DF0-44C5-B144-086346620285}.Release|x86.Build.0 = Release|Win32
		{3C17C898-CDE1-4A49-88DC-15B5ABE75ED5}.Debug|x64.ActiveCfg = Debug|x64
		{3C17C898-CDE1-4A49-88DC-15B5ABE75ED5}.Debug|x64.Build.0 = Debug|x64
		{3C17C898-CDE1-4A49-88DC-15B5ABE75ED5}.Debug|x86.ActiveCfg = Debug|Win32
		{3C17C898-CDE1-4A49-88DC-15B5ABE75ED5}.Debug|x86.Build.0 = Debug|Win32
		{3C17C898-CDE1-4A49-88DC-15B5ABE75ED5}.Release|x64.ActiveCfg = Release|x64
		{3C17C898-CDE1-4A49-88DC-15B5ABE75ED5}.Release|x64.Build.0 = Release|x64
		{3C17C898-CDE1-4A49-88DC-15B5ABE75ED5}.Release|x86.ActiveCfg = Release|Win32
		{3C17C898-CDE1-4A49-88DC-15B5ABE75ED5}.Release|x86.Build.0 = Release|Win32
		{7953FE93-0920-493A-9B54-C2A7C522E127}.Debug|x64.ActiveCfg = Debug|x64
		{7953FE93-0920-493A-9B54-C2A7C522E127}.Debug|x64.Build.0 = Debug|x64
		{7953FE93-0920-493A-9B54-C2A7C522E127}.Debug|x86.ActiveCfg = Debug|Win32
		{7953FE93-0920-493A-9B54-C2A7C522E127}.Debug|x86.Build.0 = Debug|Win32
		{7953FE93-0920-493A-9B54-C2A7C522E127}.Release|x64.ActiveCfg = Release|x64
		{7953FE93-0920-493A-9B54-C2A7C522E127}.Release|x64.Build.0 = Release|x64
		{7953FE93-0920-493A-9B54-C2A7C522E127}.Release|x86.ActiveCfg = Release|Win32
		{7953FE93-0920-493A-9B54-C2A7C522E127}.Release|x86.Build.0 = Release|Win32
		{FC1D9647-BA1C-435C-8169-B901F446F354}.Debug|x64.ActiveCfg = Debug|x64
		{FC1D9647-BA1C-435C-8169-B901F446F354}.Debug|x64.Build.0 = Debug|x64
		{FC1D9647-BA1C-435C-8169-B901F446F354}.Debug|x86.ActiveCfg = Debug|Win32
		{FC1D9647-BA1C-435C-8169-B901F446F354}.Debug|x86.Build.0 = Debug|Win32
		{FC1D9647-BA1C-435C-8169-B901F446F354}.Release|x64.ActiveCfg = Release|x64
		{FC1D9647-BA1C-435C-8169-B901F446F354}.Release|x64.Build.0 = Release|x64
		{FC1D9647-BA1C-435C-8169-B901F446F354}.Release|x86.ActiveCfg = Release|Win32
		{FC1D9647-BA1C-435C-8169-B901F446F354}.Release|x86.Build.0 = Release|Win32
		{C34BF497-6EE8-46E0-B8BF-D063132BD34E}.Debug|x64.ActiveCfg = Debug|x64
		{C34BF497-6EE8-46E0-B8BF-D063132BD34E}.Debug|x64.Build.0 = Debug|x64
		{C34BF497-6EE8-46E0-B8BF-D063132BD34E}.Debug|x86.ActiveCfg = Debug|Win32
		{C34BF497-6EE8-46E0-B8BF-D063132BD34E}.Debug|x86.Build.0 = Debug|Win32
		{C34BF497-6EE8-46E0-B8BF-D063132BD34E}.Release|x64.ActiveCfg = Release|x64
		{C34BF497-6EE8-46E0-B8BF-D063132BD34E}.Release|x64.Build.0 = Release|x64
		{C34BF497-6EE8-46E0-B8BF-D063132BD34E}.Release|x86.ActiveCfg = Release|Win32
		{C34BF497-6EE8-46E0-B8BF-D063132BD34E}.Release|x86.Build.0 = Release|Win32
		{656DF1EF-AEE4-4340-AC1A-63D1433E73F2}.Debug|x64.ActiveCfg = Debug|x64
		{656DF1EF-AEE4-4340-AC1A-63D1433E73F2}.Debug|x64.Build.0 = Debug|x64
		{656DF1EF-AEE4-4340-AC1A-63D1433E73F2}.Debug|x86.ActiveCfg = Debug|Win32
		{656DF1EF-AEE4-4340-AC1A-63D1433E73F2}.Debug|x86.Build.0 = Debug|Win32
		{656DF1EF-AEE4-4340-AC1A-63D1433E73F2}.Release|x64.ActiveCfg = Release|x64
		{656DF1EF-AEE4-4340-AC1A-63D1433E73F2}.Release|x64.Build.0 = Release|x64
		{656DF1EF-AEE4-4340-AC1A-63D1433E73F2}.Release|x86.ActiveCfg = Release|Win32
		{656DF1EF-AEE4-4340-AC1A-63D1433E73F2}.Release|x86.Build.0 = Release|Win32
		{E11A6B72-1881-4E02-93D8-BFDC38DE7A1D}.Debug|x64.ActiveCfg = Debug|x64
		{E11A6B72-1881-4E02-93D8-BFDC38DE7A1D}.Debug|x64.Build.0 = Debug|x64
		{E11A6B72-1881-4E02-93D8-BFDC38DE7A1D}.Debug|x86.ActiveCfg = Debug|Win32
		{E11A6B72-1881-4E02-93D8-BFDC38DE7A1D}.Debug|x86.Build.0 = Debug|Win32
		{E11A6B72-1881-4E02-93D8-BFDC38DE7A1D}.Release|x64.ActiveCfg = Release|x64
		{E11A6B72-1881-4E02-93D8-BFDC38DE7A1D}.Release|x64.Build.0 = Release|x64
		{E11A6B72-1881-4E02-93D8-BFDC38DE7A1D}.Release|x86.ActiveCfg = Release|Win32
		{E11A6B72-1881-4E02-93D8-BFDC38DE7A1D}.Release|x86.Build.0 = Release|Win32
		{952FD0F9-249D-4DE7-9D32-217333C06392}.Debug|x64.ActiveCfg = Debug|x64
		{952FD0F9-249D-4DE7-9D32-217333C06392}.Debug|x64.Build.0 = Debug|x64
		{952FD0F9-249D-4DE7-9D32-217333C06392}.Debug|x86.ActiveCfg = Debug|Win32
		{952FD0F9-249D-4DE7-9D32-217333C06392}.Debug|x86.Build.0 = Debug|Win32
		{952FD0F9-249D-4DE7-9D32-217333C06392}.Release|x64.ActiveCfg = Release|x64
		{952FD0F9-249D-4DE7-9D32-217333C06392}.Release|x64.Build.0 = Release|x64
		{952FD0F9-249D-4DE7-9D32-217333C06392}.Release|x86.ActiveCfg = Release|Win32
		{952FD0F9-249D-4DE7-9D32-217333C06392}.Release|x86.Build.0 = Release|Win32
		{A6D9F52F-6BC2-404F-AF43-43FF5309DB71}.Debug|x64.ActiveCfg = Debug|x64
		{A6D9F52F-6BC2-404F-AF43-43FF5309DB71}.Debug|x64.Build.0 = Debug|x64
		{A6D9F52F-6BC2-404F-AF43-43FF5309DB71}.Debug|x86.ActiveCfg = Debug|Win32
		{A6D9F52F-6BC2-404F-AF43-43FF5309DB71}.Debug|x86.Build.0 = Debug|Win32
		{A6D9F52F-6BC2-404F-AF43-43FF5309DB71}.Release|x64.ActiveCfg = Release|x64
		{A6D9F52F-6BC2-404F-AF43-43FF5309DB71}.Release|x64.Build.0 = Release|x64
		{A6D9F52F-6BC2-404F-AF43-43FF5309DB71}.Release|x86.ActiveCfg = Release|Win32
		{A6D9F52F-6BC2-404F-AF43-43FF5309DB71}.Release|x86.Build.0 = Release|Win32
		{5CE9147B-AD0F-4E88-B1F1-AB9DCA373D28}.Debug|x64.ActiveCfg = Debug|x64
		{5CE9147B-AD0F-4E88-B1F1-AB9DCA373D28}.Debug|x64.Build.0 = Debug|x64
		{5CE9147B-AD0F-4E88-B1F1-AB9DCA373D28}.Debug|x86.ActiveCfg = Debug|Win32
		{5CE9147B-AD0F-4E88-B1F1-AB9DCA373D28}.Debug|x86.Build.0 = Debug|Win32
		{5CE9147B-AD0F-4E88-B1F1-AB9DCA373D28}.Release|x64.ActiveCfg = Release|x64
		{5CE9147B-AD0F-4E88-B1F1-AB9DCA373D28}.Release|x64.Build.0 = Release|x64
		{5CE9147B-AD0F-4E88-B1F1-AB9DCA373D28}.Release|x86.ActiveCfg = Release|Win32
		{5CE9147B-AD0F-4E88-B1F1-AB9DCA373D28}.Release|x86.Build.0 = Release|Win32
		{45C6CE75-4B6A-4FCA-A167-6463B5E536A8}.Debug|x64.ActiveCfg = Debug|x64
		{45C6CE75-4B6A-4FCA-A167-6463B5E536A8}.Debug|x64.Build.0 = Debug|x64
		{45C6CE75-4B6A-4FCA-A167-6463B5E536A8}.Debug|x86.ActiveCfg = Debug|Win32
		{45C6CE75-4B6A-4FCA-A167-6463B5E536A8}.Debug|x86.Build.0 = Debug|Win32
		{45C6CE75-4B6A-4FCA-A167-6463B5E536A8}.Release|x64.ActiveCfg = Release|x64
		{45C6CE75-4B6A-4FCA-A167-6463B5E536A8}.Release|x64.Build.0 = Release|x64
		{45C6CE75-4B6A-4FCA-A167-6463B5E536A8}.Release|x86.ActiveCfg = Release|Win32
		{45C6CE75-4B6A-4FCA-A167-6463B5E536A8}.Release|x86.Build.0 = Release|Win32
		{18485BA6-6F27-45D7-A4D4-F79D3BF4F2B3}.Debug|x64.ActiveCfg = Debug|x64
		{18485BA6-6F27-45D7-A4D4-F79D3BF4F2B3}.Debug|x64.Build.0 = Debug|x64
		{18485BA6-6F27-45D7-A4D4-F79D3BF4F2B3}.Debug|x86.ActiveCfg = Debug|Win32
		{18485BA6-6F27-45D7-A4D4-F79D3BF4F2B3}.Debug|x86.Build.0 = Debug|Win32
		{18485BA6-6F27-45D7-A4D4-F79D3BF4F2B3}.Release|x64.ActiveCfg = Release|x64
		{18485BA6-6F27-45D7-A4D4-F79D3BF4F2B3}.Release|x64.Build.0 = Release|x64
		{18485BA6-6F27-45D7-A4D4-F79D3BF4F2B3}.Release|x86.ActiveCfg = Release|Win32
		{18485BA6-6F27-45D7-A4D4-F79D3BF4F2B3}.Release|x86.Build.0 = Release|Win32
		{991312F2-1F5A-46C2-B1B8-95EA15158C55}.Debug|x64.ActiveCfg = Debug|x64
		{991312F2-1F5A-46C2-B1B8-95EA15158C55}.Debug|x64.Build.0 = Debug|x64
		{991312F2-1F5A-46C2-B1B8-95EA15158C55}.Debug|x86.ActiveCfg = Debug|Win32
		{991312F2-1F5A-46C2-B1B8-95EA15158C55}.Debug|x86.Build.0 = Debug|Win32
		{991312F2-1F5A-46C2-B1B8-95EA15158C55}.Release|x64.ActiveCfg = Release|x64
		{991312F2-1F5A-46C2-B1B8-95EA15158C55}.Release|x64.Build.0 = Release|x64
		{991312F2-1F5A-46C2-B1B8-95EA15158C55}.Release|x86.ActiveCfg = Release|Win32
		{991312F2-1F5A-46C2-B1B8-95EA15158C55}.Release|x86.Build.0 = Release|Win32
		{95341A7D-C75B-4727-A480-0AC4D35A8AE2}.Debug|x64.ActiveCfg = Debug|x64
		{95341A7D-C75B-4727-A480-0AC4D35A8AE2}.Debug|x64.Build.0 = Debug|x64
		{95341A7D-C75B-4727-A480-0AC4D35A8AE2}.Debug|x86.ActiveCfg = Debug|Win32
		{95341A7D-C75B-4727-A480-0AC4D35A8AE2}.Debug|x86.Build.0 = Debug|Win32
		{95341A7D-C75B-4727-A480-0AC4D35A8AE2}.Release|x64.ActiveCfg = Release|x64
		{95341A7D-C75B-4727-A480-0AC4D35A8AE2}.Release|x64.Build.0 = Release|x64
		{95341A7D-C75B-4727-A480-0AC4D35A8AE2}.Release|x86.ActiveCfg = Release|Win32
		{95341A7D-C75B-4727-A480-0AC4D35A8AE2}.Release|x86.Build.0 = Release|Win32
		{FDF11617-309B-498E-A59F-65D5CC2E8B1D}.Debug|x64.ActiveCfg = Debug|x64
		{FDF11617-309B-498E-A59F-65D5CC2E8B1D}.Debug|x64.Build.0 = Debug|x64
		{FDF11617-309B-498E-A59F-65D5CC2E8B1D}.Debug|x86.ActiveCfg = Debug|Win32
		{FDF11617-309B-498E-A59F-65D5CC2E8B1D}.Debug|x86.Build.0 = Debug|Win32
		{FDF11617-309B-498E-A59F-65D5CC2E8B1D}.Release|x64.ActiveCfg = Release|x64
		{FDF11617-309B-498E-A59F-65D5CC2E8B1D}.Release|x64.Build.0 = Release|x64
		{FDF11617-309B-498E-A59F-65D5CC2E8B1D}.Release|x86.ActiveCfg = Release|Win32
		{FDF11617-309B-498E-A59F-65D5CC2E8B1D}.Release|x86.Build.0 = Release|Win32
		{7CB4F037-4ADE-4B98-988B-B7C99146A995}.Debug|x64.ActiveCfg = Debug|x64
		{7CB4F037-4ADE-4B98-988B-B7C99146A995}.Debug|x64.Build.0 = Debug|x64
		{7CB4F037-4ADE-4B98-988B-B7C99146A995}.Debug|x86.ActiveCfg = Debug|Win32
		{7CB4F037-4ADE-4B98-988B-B7C99146A995}.Debug|x86.Build.0 = Debug|Win32
		{7CB4F037-4ADE-4B98-988B-B7C99146A995}.Release|x64.ActiveCfg = Release|x64
		{7CB4F037-4ADE-4B98-988B-B7C99146A995}.Release|x64.Build.0 = Release|x64
		{7CB4F037-4ADE-4B98-988B-B7C99146A995}.Release|x86.ActiveCfg = Release|Win32
		{7CB4F037-4ADE-4B98-988B-B7C99146A995}.Release|x86.Build.0 = Release|Win32
		{664670F3-E264-4963-B96A-10D887B0642B}.Debug|x64.ActiveCfg = Debug|x64
		{664670F3-E264-4963-B96A-10D887B0642B}.Debug|x64.Build.0 = Debug|x64
		{664670F3-E264-4963-B96A-10D887B0642B}.Debug|x86.ActiveCfg = Debug|Win32
		{664670F3-E264-4963-B96A-10D887B0642B}.Debug|x86.Build.0 = Debug|Win32
		{664670F3-E264-4963-B96A-10D887B0642B}.Release|x64.ActiveCfg = Release|x64
		{664670F3-E264-4963-B96A-10D887B0642B}.Release|x64.Build.0 = Release|x64
		{664670F3-E264-4963-B96A-10D887B0642B}.Release|x86.ActiveCfg = Release|Win32
		{664670F3-E264-4963-B96A-10D887B0642B}.Release|x86.Build.0 = Release|Win32
		{B20B01B0-D039-4ADA-83F7-B46951B99BD9}.Debug|x64.ActiveCfg = Debug|x64
		{B20B01B0-D039-4ADA-83F7-B46951B99BD9}.Debug|x64.Build.0 = Debug|x64
		{B20B01B0-D039-4ADA-83F7-B46951B99BD9}.Debug|x86.ActiveCfg = Debug|Win32
		{B20B01B0-D039-4ADA-83F7-B46951B99BD9}.Debug|x86.Build.0 = Debug|Win32
		{B20B01B0-D039-4ADA-83F7-B46951B99BD9}.Release|x64.ActiveCfg = Release|x64
		{B20B01B0-D039-4ADA-83F7-B46951B99BD9}.Release|x64.Build.0 = Release|x64
		{B20B01B0-D039-4ADA-83F7-B46951B99BD9}.Release|x86.ActiveCfg = Release|Win32
		{B20B01B0-D039-4ADA-83F7-B46951B99BD9}.Release|x86.Build.0 = Release|Win32
		{6565C606-51B5-498A-8789-9F0D1AF673DC}.Debug|x64.ActiveCfg = Debug|x64
		{6565C606-51B5-498A-8789-9F0D1AF673DC}.Debug|x64.Build.0 = Debug|x64
		{6565C606-51B5-498A-8789-9F0D1AF673DC}.Debug|x86.ActiveCfg = Debug|Win32
		{6565C606-51B5-498A-8789-9F0D1AF673DC}.Debug|x86.Build.0 = Debug|Win32
		{6565C606-51B5-498A-8789-9F0D1AF673DC}.Release|x64.ActiveCfg = Release|x64
		{6565C606-51B5-498A-8789-9F0D1AF673DC}.Release|x64.Build.0 = Release|x64
		{6565C606-51B5-498A-8789-9F0D1AF673DC}.Release|x86.ActiveCfg = Release|Win32
		{6565C606-51B5-498A-8789-9F0D1AF673DC}.Release|x86.Build.0 = Release|Win32
		{2D27F54F-501E-484B-8B43-E48EA8BE731B}.Debug|x64.ActiveCfg = Debug|x64
		{2D27F54F-501E-484B-8B43-E48EA8BE731B}.Debug|x64.Build.0 = Debug|x64
		{2D27F54F-501E-484B-8B43-E48EA8BE731B}.Debug|x86.ActiveCfg = Debug|Win32
		{2D27F54F-501E-484B-8B43-E48EA8BE731B}.Debug|x86.Build.0 = Debug|Win32
		{2D27F54F-501E-484B-8B43-E48EA8BE731B}.Release|x64.ActiveCfg = Release|x64
		{2D27F54F-501E-484B-8B43-E48EA8BE731B}.Release|x64.Build.0 = Release|x64
		{2D27F54F-501E-484B-8B43-E48EA8BE731B}.Release|x86.ActiveCfg = Release|Win32
		{2D27F54F-501E-484B-8B43-E48EA8BE731B}.Release|x86.Build.0 = Release|Win32
		{4B92B9EE-B9FA-497E-B8E7-7CC0E7FCE38C}.Debug|x64.ActiveCfg = Debug|x64
		{4B92B9EE-B9FA-497E-B8E7-7CC0E7FCE38C}.Debug|x64.Build.0 = Debug|x64
		{4B92B9EE-B9FA-497E-B8E7-7CC0E7FCE38C}.Debug|x86.ActiveCfg = Debug|Win32
		{4B92B9EE-B9FA-497E-B8E7-7CC0E7FCE38C}.Debug|x86.Build.0 = Debug|Win32
		{4B92B9EE-B9FA-497E-B8E7-7CC0E7FCE38C}.Release|x64.ActiveCfg = Release|x64
		{4B92B9EE-B9FA-497E-B8E7-7CC0E7FCE38C}.Release|x64.Build.0 = Release|x64
		{4B92B9EE-B9FA-497E-B8E7-7CC0E7FCE38C}.Release|x86.ActiveCfg = Release|Win32
		{4B92B9EE-B9FA-497E-B8E7-7CC0E7FCE38C}.Release|x86.Build.0 = Release|Win32
		{9646E5EF-C6A6-4CB7-8434-6BD508182479}.Debug|x64.ActiveCfg = Debug|x64
		{9646E5EF-C6A6-4CB7-8434-6BD508182479}.Debug|x64.Build.0 = Debug|x64
		{9646E5EF-C6A6-4CB7-8434-6BD508182479}.Debug|x86.ActiveCfg = Debug|Win32
		{9646E5EF-C6A6-4CB7-8434-6BD508182479}.Debug|x86.Build.0 = Debug|Win32
		{9646E5EF-C6A6-4CB7-8434-6BD508182479}.Release|x64.ActiveCfg = Release|x64
		{9646E5EF-C6A6-4CB7-8434-6BD508182479}.Release|x64.Build.0 = Release|x64
		{9646E5EF-C6A6-4CB7-8434-6BD508182479}.Release|x86.ActiveCfg = Release|Win32
		{9646E5EF-C6A6-4CB7-8434-6BD508182479}.Release|x86.Build.0 = Release|Win32
		{B8F2AE41-356F-4D90-87BE-56776E85D3BF}.Debug|x64.ActiveCfg = Debug|x64
		{B8F2AE41-356F-4D90-87BE-56776E85D3BF}.Debug|x64.Build.0 = Debug|x64
		{B8F2AE41-356F-4D90-87BE-56776E85D3BF}.Debug|x86.ActiveCfg = Debug|Win32
		{B8F2AE41-356F-4D90-87BE-56776E85D3BF}.Debug|x86.Build.0 = Debug|Win32
		{B8F2AE41-356F-4D90-87BE-56776E85D3BF}.Release|x64.ActiveCfg = Release|x64
		{B8F2AE41-356F-4D90-87BE-56776E85D3BF}.Release|x64.Build.0 = Release|x64
		{B8F2AE41-356F-4D90-87BE-56776E85D3BF}.Release|x86.ActiveCfg = Release|Win32
		{B8F2AE41-356F-4D90-87BE-56776E85D3BF}.Release|x86.Build.0 = Release|Win32
		{57B57D50-D4B3-417B-8CB5-E6EF8EF1C9F8}.Debug|x64.ActiveCfg = Debug|x64
		{57B57D50-D4B3-417B-8CB5-E6EF8EF1C9F8}.Debug|x64.Build.0 = Debug|x64
		{57B57D50-D4B3-417B-8CB5-E6EF8EF1C9F8}.Debug|x86.ActiveCfg = Debug|Win32
		{57B57D50-D4B3-417B-8CB5-E6EF8EF1C9F8}.Debug|x86.Build.0 = Debug|Win32
		{57B57D50-D4B3-417B-8CB5-E6EF8EF1C9F8}.Release|x64.ActiveCfg = Release|x64
		{57B57D50-D4B3-417B-8CB5-E6EF8EF1C9F8}.Release|x64.Build.0 = Release|x64
		{57B57D50-D4B3-417B-8CB5-E6EF8EF1C9F8}.Release|x86.ActiveCfg = Release|Win32
		{57B57D50-D4B3-417B-8CB5-E6EF8EF1C9F8}.Release|x86.Build.0 = Release|Win32
		{6D0D2070-1C7F-4FC2-A480-2BA48558DF3A}.Debug|x64.ActiveCfg = Debug|x64
		{6D0D2070-1C7F-4FC2-A480-2BA48558DF3A}.Debug|x64.Build.0 = Debug|x64
		{6D0D2070-1C7F-4FC2-A480-2BA48558DF3A}.Debug|x86.ActiveCfg = Debug|Win32
		{6D0D2070-1C7F-4FC2-A480-2BA48558DF3A}.Debug|x86.Build.0 = Debug|Win32
		{6D0D2070-1C7F-4FC2-A480-2BA48558DF3A}.Release|x64.ActiveCfg = Release|x64
		{6D0D2070-1C7F-4FC2-A480-2BA48558DF3A}.Release|x64.Build.0 = Release|x64
		{6D0D2070-1C7F-4FC2-A480-2BA48558DF3A}.Release|x86.ActiveCfg = Release|Win32
		{6D0D2070-1C7F-4FC2-A480-2BA48558DF3A}.Release|x86.Build.0 = Release|Win32
		{073368F5-8683-4961-BBC3-CAF784B94593}.Debug|x64.ActiveCfg = Debug|x64
		{073368F5-8683-4961-BBC3-CAF784B94593}.Debug|x64.Build.0 = Debug|x64
		{073368F5-8683-4961-BBC3-CAF784B94593}.Debug|x86.ActiveCfg = Debug|Win32
		{073368F5-8683-4961-BBC3-CAF784B94593}.Debug|x86.Build.0 = Debug|Win32
		{073368F5-8683-4961-BBC3-CAF784B94593}.Release|x64.ActiveCfg = Release|x64
		{073368F5-8683-4961-BBC3-CAF784B94593}.Release|x64.Build.0 = Release|x64
		{073368F5-8683-4961-BBC3-CAF784B94593}.Release|x86.ActiveCfg = Release|Win32
		{073368F5-8683-4961-BBC3-CAF784B94593}.Release|x86.Build.0 = Release|Win32
		{3E10A971-F8D9-46D9-AAE7-72231BA2D0A3}.Debug|x64.ActiveCfg = Debug|x64
		{3E10A971-F8D9-46D9-AAE7-72231BA2D0A3}.Debug|x64.Build.0 = Debug|x64
		{3E10A971-F8D9-46D9-AAE7-72231BA2D0A3}.Debug|x86.ActiveCfg = Debug|Win32
		{3E10A971-F8D9-46D9-AAE7-72231BA2D0A3}.Debug|x86.Build.0 = Debug|Win32
		{3E10A971-F8D9-46D9-AAE7-72231BA2D0A3}.Release|x64.ActiveCfg = Release|x64
		{3E10A971-F8D9-46D9-AAE7-72231BA2D0A3}.Release|x64.Build.0 = Release|x64
		{3E10A971-F8D9-46D9-AAE7-72231BA2D0A3}.Release|x86.ActiveCfg = Release|Win32
		{3E10A971-F8D9-46D9-AAE7-72231BA2D0A3}.Release|x86.Build.0 = Release|Win32
		{AD86D14A-FC3B-48EF-96F2-456F65220B90}.Debug|x64.ActiveCfg = Debug|x64
		{AD86D14A-FC3B-48EF-96F2-456F65220B90}.Debug|x64.Build.0 = Debug|x64
		{AD86D14A-FC3B-48EF-96F2-456F65220B90}.Debug|x86.ActiveCfg = Debug|Win32
		{AD86D14A-FC3B-48EF-96F2-456F65220B90}.Debug|x86.Build.0 = Debug|Win32
		{AD86D14A-FC3B-48EF-96F2-456F65220B90}.Release|x64.ActiveCfg = Release|x64
		{AD86D14A-FC3B-48EF-96F2-456F65220B90}.Release|x64.Build.0 = Release|x64
		{AD86D14A-FC3B-48EF-96F2-456F65220B90}.Release|x86.ActiveCfg = Release|Win32
		{AD86D14A-FC3B-48EF-96F2-456F65220B90}.Release|x86.Build.0 = Release|Win32
		{8457640B-1060-485F-9048-CEB1973E19C7}.Debug|x64.ActiveCfg = Debug|x64
		{8457640B-1060-485F-9048-CEB1973E19C7}.Debug|x64.Build.0 = Debug|x64
		{8457640B-1060-485F-9048-CEB1973E19C7}.Debug|x86.ActiveCfg = Debug|Win32
		{8457640B-1060-485F-9048-CEB1973E19C7}.Debug|x86.Build.0 = Debug|Win32
		{8457640B-1060-485F-9048-CEB1973E19C7}.Release|x64.ActiveCfg = Release|x64
		{8457640B-1060-485F-9048-CEB1973E19C7}.Release|x64.Build.0 = Release|x64
		{8457640B-1060-485F-9048-CEB1973E19C7}.Release|x86.ActiveCfg = Release|Win32
		{8457640B-1060-485F-9048-CEB1973E19C7}.Release|x86.Build.0 = Release|Win32
		{9A462BF7-A900-47EB-8D82-CF6117CE674F}.Debug|x64.ActiveCfg = Debug|x64
		{9A462BF7-A900-47EB-8D82-CF6117CE674F}.Debug|x64.Build.0 = Debug|x64
		{9A462BF7-A900-47EB-8D82-CF6117CE674F}.Debug|x86.ActiveCfg = Debug|Win32
		{9A462BF7-A900-47EB-8D82-CF6117CE674F}.Debug|x86.Build.0 = Debug|Win32
		{9A462BF7-A900-47EB-8D82-CF6117CE674F}.Release|x64.ActiveCfg = Release|x64
		{9A462BF7-A900-47EB-8D82-CF6117CE674F}.Release|x64.Build.0 = Release|x64
		{9A462BF7-A900-47EB-8D82-CF6117CE674F}.Release|x86.ActiveCfg = Release|Win32
		{9A462BF7-A900-47EB-8D82-CF6117CE674F}.Release|x86.Build.0 = Release|Win32
		{F97DE6B3-61D2-4500-81CF-2E53F258C88E}.Debug|x64.ActiveCfg = Debug|x64
		{F97DE6B3-61D2-4500-81CF-2E53F258C88E}.Debug|x64.Build.0 = Debug|x64
		{F97DE6B3-61D2-4500-81CF-2E53F258C88E}.Debug|x86.ActiveCfg = Debug|Win32
		{F97DE6B3-61D2-4500-81CF-2E53F258C88E}.Debug|x86.Build.0 = Debug|Win32
		{F97DE6B3-61D2-4500-81CF-2E53F258C88E}.Release|x64.ActiveCfg = Release|x64
		{F97DE6B3-61D2-4500-81CF-2E53F258C88E}.Release|x64.Build.0 = Release|x64
		{F97DE6B3-61D2-4500-81CF-2E53F258C88E}.Release|x86.ActiveCfg = Release|Win32
		{F97DE6B3-61D2-4500-81CF-2E53F258C88E}.Release|x86.Build.0 = Release|Win32
	EndGlobalSection
	GlobalSection(SolutionProperties) = preSolution
		HideSolutionNode = FALSE
	EndGlobalSection
	GlobalSection(ExtensibilityGlobals) = postSolution
		SolutionGuid = {79563E76-9BB9-404E-903C-EF12C7B4FFDC}
	EndGlobalSection
EndGlobal
