
Microsoft Visual Studio Solution File, Format Version 12.00
# Visual Studio Version 17
VisualStudioVersion = 17.5.33516.290
MinimumVisualStudioVersion = 10.0.40219.1
Project("{8BC9CEB8-8B4A-11D0-8D11-00A0C91BC942}") = "DeQuy", "DeQuy\DeQuy.vcxproj", "{0BDD1496-04F5-4837-BF87-CAD333ABD7B1}"
EndProject
Project("{8BC9CEB8-8B4A-11D0-8D11-00A0C91BC942}") = "001", "001\001.vcxproj", "{45B9C9B3-31DA-4CF3-9C13-FAC23FF99D65}"
EndProject
Project("{8BC9CEB8-8B4A-11D0-8D11-00A0C91BC942}") = "005", "005\005.vcxproj", "{91B1D16A-8012-46A9-B24C-C046864E716E}"
EndProject
Project("{8BC9CEB8-8B4A-11D0-8D11-00A0C91BC942}") = "009", "009\009.vcxproj", "{7C4E163F-03FF-404F-AD5C-F1B5585FB46E}"
EndProject
Project("{8BC9CEB8-8B4A-11D0-8D11-00A0C91BC942}") = "002", "002\002.vcxproj", "{64219851-5763-4605-B709-BDE8AB971544}"
EndProject
Project("{8BC9CEB8-8B4A-11D0-8D11-00A0C91BC942}") = "010", "010\010.vcxproj", "{5083F706-6F1D-4247-BD70-EFD7F9B85C44}"
EndProject
Project("{8BC9CEB8-8B4A-11D0-8D11-00A0C91BC942}") = "014", "014\014.vcxproj", "{FD45A131-BE35-44D7-B0D6-5302770B7458}"
EndProject
Project("{8BC9CEB8-8B4A-11D0-8D11-00A0C91BC942}") = "018", "018\018.vcxproj", "{19B44705-ABCD-48D4-AF26-759D8122EB69}"
EndProject
Project("{8BC9CEB8-8B4A-11D0-8D11-00A0C91BC942}") = "006", "006\006.vcxproj", "{A825899D-0A70-4661-9609-1E98DDD0A153}"
EndProject
Project("{8BC9CEB8-8B4A-11D0-8D11-00A0C91BC942}") = "004", "004\004.vcxproj", "{4C4FB126-7062-4742-871A-6ED5D7933A9B}"
EndProject
Project("{8BC9CEB8-8B4A-11D0-8D11-00A0C91BC942}") = "008", "008\008.vcxproj", "{7F2AADDE-B42D-4C9A-AB6F-CEAAD0F08BC1}"
EndProject
Project("{8BC9CEB8-8B4A-11D0-8D11-00A0C91BC942}") = "012", "012\012.vcxproj", "{E5139317-BBDF-4AF8-BF81-E8A4C3C89BAC}"
EndProject
Project("{8BC9CEB8-8B4A-11D0-8D11-00A0C91BC942}") = "016", "đẳ\đẳ.vcxproj", "{C555E16D-8D78-4E04-9596-FECCC89E4F82}"
EndProject
Project("{8BC9CEB8-8B4A-11D0-8D11-00A0C91BC942}") = "020", "020\020.vcxproj", "{678332BC-CDE3-4B1A-8D42-1E8799B9564B}"
EndProject
Project("{8BC9CEB8-8B4A-11D0-8D11-00A0C91BC942}") = "061", "061\061.vcxproj", "{6E9457D6-F6D7-475E-BE8B-FA3E17967D4F}"
EndProject
Project("{8BC9CEB8-8B4A-11D0-8D11-00A0C91BC942}") = "65", "65\65.vcxproj", "{D70BFDA8-5F69-4922-956A-D24D1BC2A259}"
EndProject
Project("{8BC9CEB8-8B4A-11D0-8D11-00A0C91BC942}") = "069", "069\069.vcxproj", "{A2CDB604-AE23-438C-8976-BA0B47419A1D}"
EndProject
Project("{8BC9CEB8-8B4A-11D0-8D11-00A0C91BC942}") = "073", "073\073.vcxproj", "{4B4C54E6-270C-4E9E-A1B5-367D1736E126}"
EndProject
Project("{8BC9CEB8-8B4A-11D0-8D11-00A0C91BC942}") = "077", "077\077.vcxproj", "{5B629EFB-3B34-448C-81B6-901EF8724302}"
EndProject
Project("{8BC9CEB8-8B4A-11D0-8D11-00A0C91BC942}") = "081", "081\081.vcxproj", "{5E6B7326-8DE2-4C7B-A34B-FB3EDBE4E374}"
EndProject
Project("{8BC9CEB8-8B4A-11D0-8D11-00A0C91BC942}") = "085", "085\085.vcxproj", "{5F3491C8-6E2F-40F1-9307-77AAE1E19298}"
EndProject
Project("{8BC9CEB8-8B4A-11D0-8D11-00A0C91BC942}") = "089", "089\089.vcxproj", "{415C845D-5998-465D-A6E1-105BD1D88778}"
EndProject
Project("{8BC9CEB8-8B4A-11D0-8D11-00A0C91BC942}") = "093", "093\093.vcxproj", "{C967AEFD-CBD0-4A3B-933C-4F3BE42BA134}"
EndProject
Project("{8BC9CEB8-8B4A-11D0-8D11-00A0C91BC942}") = "097", "097\097.vcxproj", "{5A38E90B-6A71-4AA4-B5A5-386E999ACB85}"
EndProject
Project("{8BC9CEB8-8B4A-11D0-8D11-00A0C91BC942}") = "101", "101\101.vcxproj", "{EE64A718-FAEC-4592-81EC-CFA2DA6AFEA9}"
EndProject
Project("{8BC9CEB8-8B4A-11D0-8D11-00A0C91BC942}") = "105", "105\105.vcxproj", "{B3013D0D-9EE6-427E-9335-4BC911D1B4EE}"
EndProject
Project("{8BC9CEB8-8B4A-11D0-8D11-00A0C91BC942}") = "109", "109\109.vcxproj", "{7E2C54DF-8610-4F3D-90E9-21C70C0B196A}"
EndProject
Project("{8BC9CEB8-8B4A-11D0-8D11-00A0C91BC942}") = "113", "113\113.vcxproj", "{CD7A0DEA-6487-4A44-AA36-F36A8D13C5CA}"
EndProject
Global
	GlobalSection(SolutionConfigurationPlatforms) = preSolution
		Debug|x64 = Debug|x64
		Debug|x86 = Debug|x86
		Release|x64 = Release|x64
		Release|x86 = Release|x86
	EndGlobalSection
	GlobalSection(ProjectConfigurationPlatforms) = postSolution
		{0BDD1496-04F5-4837-BF87-CAD333ABD7B1}.Debug|x64.ActiveCfg = Debug|x64
		{0BDD1496-04F5-4837-BF87-CAD333ABD7B1}.Debug|x64.Build.0 = Debug|x64
		{0BDD1496-04F5-4837-BF87-CAD333ABD7B1}.Debug|x86.ActiveCfg = Debug|Win32
		{0BDD1496-04F5-4837-BF87-CAD333ABD7B1}.Debug|x86.Build.0 = Debug|Win32
		{0BDD1496-04F5-4837-BF87-CAD333ABD7B1}.Release|x64.ActiveCfg = Release|x64
		{0BDD1496-04F5-4837-BF87-CAD333ABD7B1}.Release|x64.Build.0 = Release|x64
		{0BDD1496-04F5-4837-BF87-CAD333ABD7B1}.Release|x86.ActiveCfg = Release|Win32
		{0BDD1496-04F5-4837-BF87-CAD333ABD7B1}.Release|x86.Build.0 = Release|Win32
		{45B9C9B3-31DA-4CF3-9C13-FAC23FF99D65}.Debug|x64.ActiveCfg = Debug|x64
		{45B9C9B3-31DA-4CF3-9C13-FAC23FF99D65}.Debug|x64.Build.0 = Debug|x64
		{45B9C9B3-31DA-4CF3-9C13-FAC23FF99D65}.Debug|x86.ActiveCfg = Debug|Win32
		{45B9C9B3-31DA-4CF3-9C13-FAC23FF99D65}.Debug|x86.Build.0 = Debug|Win32
		{45B9C9B3-31DA-4CF3-9C13-FAC23FF99D65}.Release|x64.ActiveCfg = Release|x64
		{45B9C9B3-31DA-4CF3-9C13-FAC23FF99D65}.Release|x64.Build.0 = Release|x64
		{45B9C9B3-31DA-4CF3-9C13-FAC23FF99D65}.Release|x86.ActiveCfg = Release|Win32
		{45B9C9B3-31DA-4CF3-9C13-FAC23FF99D65}.Release|x86.Build.0 = Release|Win32
		{91B1D16A-8012-46A9-B24C-C046864E716E}.Debug|x64.ActiveCfg = Debug|x64
		{91B1D16A-8012-46A9-B24C-C046864E716E}.Debug|x64.Build.0 = Debug|x64
		{91B1D16A-8012-46A9-B24C-C046864E716E}.Debug|x86.ActiveCfg = Debug|Win32
		{91B1D16A-8012-46A9-B24C-C046864E716E}.Debug|x86.Build.0 = Debug|Win32
		{91B1D16A-8012-46A9-B24C-C046864E716E}.Release|x64.ActiveCfg = Release|x64
		{91B1D16A-8012-46A9-B24C-C046864E716E}.Release|x64.Build.0 = Release|x64
		{91B1D16A-8012-46A9-B24C-C046864E716E}.Release|x86.ActiveCfg = Release|Win32
		{91B1D16A-8012-46A9-B24C-C046864E716E}.Release|x86.Build.0 = Release|Win32
		{7C4E163F-03FF-404F-AD5C-F1B5585FB46E}.Debug|x64.ActiveCfg = Debug|x64
		{7C4E163F-03FF-404F-AD5C-F1B5585FB46E}.Debug|x64.Build.0 = Debug|x64
		{7C4E163F-03FF-404F-AD5C-F1B5585FB46E}.Debug|x86.ActiveCfg = Debug|Win32
		{7C4E163F-03FF-404F-AD5C-F1B5585FB46E}.Debug|x86.Build.0 = Debug|Win32
		{7C4E163F-03FF-404F-AD5C-F1B5585FB46E}.Release|x64.ActiveCfg = Release|x64
		{7C4E163F-03FF-404F-AD5C-F1B5585FB46E}.Release|x64.Build.0 = Release|x64
		{7C4E163F-03FF-404F-AD5C-F1B5585FB46E}.Release|x86.ActiveCfg = Release|Win32
		{7C4E163F-03FF-404F-AD5C-F1B5585FB46E}.Release|x86.Build.0 = Release|Win32
		{64219851-5763-4605-B709-BDE8AB971544}.Debug|x64.ActiveCfg = Debug|x64
		{64219851-5763-4605-B709-BDE8AB971544}.Debug|x64.Build.0 = Debug|x64
		{64219851-5763-4605-B709-BDE8AB971544}.Debug|x86.ActiveCfg = Debug|Win32
		{64219851-5763-4605-B709-BDE8AB971544}.Debug|x86.Build.0 = Debug|Win32
		{64219851-5763-4605-B709-BDE8AB971544}.Release|x64.ActiveCfg = Release|x64
		{64219851-5763-4605-B709-BDE8AB971544}.Release|x64.Build.0 = Release|x64
		{64219851-5763-4605-B709-BDE8AB971544}.Release|x86.ActiveCfg = Release|Win32
		{64219851-5763-4605-B709-BDE8AB971544}.Release|x86.Build.0 = Release|Win32
		{5083F706-6F1D-4247-BD70-EFD7F9B85C44}.Debug|x64.ActiveCfg = Debug|x64
		{5083F706-6F1D-4247-BD70-EFD7F9B85C44}.Debug|x64.Build.0 = Debug|x64
		{5083F706-6F1D-4247-BD70-EFD7F9B85C44}.Debug|x86.ActiveCfg = Debug|Win32
		{5083F706-6F1D-4247-BD70-EFD7F9B85C44}.Debug|x86.Build.0 = Debug|Win32
		{5083F706-6F1D-4247-BD70-EFD7F9B85C44}.Release|x64.ActiveCfg = Release|x64
		{5083F706-6F1D-4247-BD70-EFD7F9B85C44}.Release|x64.Build.0 = Release|x64
		{5083F706-6F1D-4247-BD70-EFD7F9B85C44}.Release|x86.ActiveCfg = Release|Win32
		{5083F706-6F1D-4247-BD70-EFD7F9B85C44}.Release|x86.Build.0 = Release|Win32
		{FD45A131-BE35-44D7-B0D6-5302770B7458}.Debug|x64.ActiveCfg = Debug|x64
		{FD45A131-BE35-44D7-B0D6-5302770B7458}.Debug|x64.Build.0 = Debug|x64
		{FD45A131-BE35-44D7-B0D6-5302770B7458}.Debug|x86.ActiveCfg = Debug|Win32
		{FD45A131-BE35-44D7-B0D6-5302770B7458}.Debug|x86.Build.0 = Debug|Win32
		{FD45A131-BE35-44D7-B0D6-5302770B7458}.Release|x64.ActiveCfg = Release|x64
		{FD45A131-BE35-44D7-B0D6-5302770B7458}.Release|x64.Build.0 = Release|x64
		{FD45A131-BE35-44D7-B0D6-5302770B7458}.Release|x86.ActiveCfg = Release|Win32
		{FD45A131-BE35-44D7-B0D6-5302770B7458}.Release|x86.Build.0 = Release|Win32
		{19B44705-ABCD-48D4-AF26-759D8122EB69}.Debug|x64.ActiveCfg = Debug|x64
		{19B44705-ABCD-48D4-AF26-759D8122EB69}.Debug|x64.Build.0 = Debug|x64
		{19B44705-ABCD-48D4-AF26-759D8122EB69}.Debug|x86.ActiveCfg = Debug|Win32
		{19B44705-ABCD-48D4-AF26-759D8122EB69}.Debug|x86.Build.0 = Debug|Win32
		{19B44705-ABCD-48D4-AF26-759D8122EB69}.Release|x64.ActiveCfg = Release|x64
		{19B44705-ABCD-48D4-AF26-759D8122EB69}.Release|x64.Build.0 = Release|x64
		{19B44705-ABCD-48D4-AF26-759D8122EB69}.Release|x86.ActiveCfg = Release|Win32
		{19B44705-ABCD-48D4-AF26-759D8122EB69}.Release|x86.Build.0 = Release|Win32
		{A825899D-0A70-4661-9609-1E98DDD0A153}.Debug|x64.ActiveCfg = Debug|x64
		{A825899D-0A70-4661-9609-1E98DDD0A153}.Debug|x64.Build.0 = Debug|x64
		{A825899D-0A70-4661-9609-1E98DDD0A153}.Debug|x86.ActiveCfg = Debug|Win32
		{A825899D-0A70-4661-9609-1E98DDD0A153}.Debug|x86.Build.0 = Debug|Win32
		{A825899D-0A70-4661-9609-1E98DDD0A153}.Release|x64.ActiveCfg = Release|x64
		{A825899D-0A70-4661-9609-1E98DDD0A153}.Release|x64.Build.0 = Release|x64
		{A825899D-0A70-4661-9609-1E98DDD0A153}.Release|x86.ActiveCfg = Release|Win32
		{A825899D-0A70-4661-9609-1E98DDD0A153}.Release|x86.Build.0 = Release|Win32
		{4C4FB126-7062-4742-871A-6ED5D7933A9B}.Debug|x64.ActiveCfg = Debug|x64
		{4C4FB126-7062-4742-871A-6ED5D7933A9B}.Debug|x64.Build.0 = Debug|x64
		{4C4FB126-7062-4742-871A-6ED5D7933A9B}.Debug|x86.ActiveCfg = Debug|Win32
		{4C4FB126-7062-4742-871A-6ED5D7933A9B}.Debug|x86.Build.0 = Debug|Win32
		{4C4FB126-7062-4742-871A-6ED5D7933A9B}.Release|x64.ActiveCfg = Release|x64
		{4C4FB126-7062-4742-871A-6ED5D7933A9B}.Release|x64.Build.0 = Release|x64
		{4C4FB126-7062-4742-871A-6ED5D7933A9B}.Release|x86.ActiveCfg = Release|Win32
		{4C4FB126-7062-4742-871A-6ED5D7933A9B}.Release|x86.Build.0 = Release|Win32
		{7F2AADDE-B42D-4C9A-AB6F-CEAAD0F08BC1}.Debug|x64.ActiveCfg = Debug|x64
		{7F2AADDE-B42D-4C9A-AB6F-CEAAD0F08BC1}.Debug|x64.Build.0 = Debug|x64
		{7F2AADDE-B42D-4C9A-AB6F-CEAAD0F08BC1}.Debug|x86.ActiveCfg = Debug|Win32
		{7F2AADDE-B42D-4C9A-AB6F-CEAAD0F08BC1}.Debug|x86.Build.0 = Debug|Win32
		{7F2AADDE-B42D-4C9A-AB6F-CEAAD0F08BC1}.Release|x64.ActiveCfg = Release|x64
		{7F2AADDE-B42D-4C9A-AB6F-CEAAD0F08BC1}.Release|x64.Build.0 = Release|x64
		{7F2AADDE-B42D-4C9A-AB6F-CEAAD0F08BC1}.Release|x86.ActiveCfg = Release|Win32
		{7F2AADDE-B42D-4C9A-AB6F-CEAAD0F08BC1}.Release|x86.Build.0 = Release|Win32
		{E5139317-BBDF-4AF8-BF81-E8A4C3C89BAC}.Debug|x64.ActiveCfg = Debug|x64
		{E5139317-BBDF-4AF8-BF81-E8A4C3C89BAC}.Debug|x64.Build.0 = Debug|x64
		{E5139317-BBDF-4AF8-BF81-E8A4C3C89BAC}.Debug|x86.ActiveCfg = Debug|Win32
		{E5139317-BBDF-4AF8-BF81-E8A4C3C89BAC}.Debug|x86.Build.0 = Debug|Win32
		{E5139317-BBDF-4AF8-BF81-E8A4C3C89BAC}.Release|x64.ActiveCfg = Release|x64
		{E5139317-BBDF-4AF8-BF81-E8A4C3C89BAC}.Release|x64.Build.0 = Release|x64
		{E5139317-BBDF-4AF8-BF81-E8A4C3C89BAC}.Release|x86.ActiveCfg = Release|Win32
		{E5139317-BBDF-4AF8-BF81-E8A4C3C89BAC}.Release|x86.Build.0 = Release|Win32
		{C555E16D-8D78-4E04-9596-FECCC89E4F82}.Debug|x64.ActiveCfg = Debug|x64
		{C555E16D-8D78-4E04-9596-FECCC89E4F82}.Debug|x64.Build.0 = Debug|x64
		{C555E16D-8D78-4E04-9596-FECCC89E4F82}.Debug|x86.ActiveCfg = Debug|Win32
		{C555E16D-8D78-4E04-9596-FECCC89E4F82}.Debug|x86.Build.0 = Debug|Win32
		{C555E16D-8D78-4E04-9596-FECCC89E4F82}.Release|x64.ActiveCfg = Release|x64
		{C555E16D-8D78-4E04-9596-FECCC89E4F82}.Release|x64.Build.0 = Release|x64
		{C555E16D-8D78-4E04-9596-FECCC89E4F82}.Release|x86.ActiveCfg = Release|Win32
		{C555E16D-8D78-4E04-9596-FECCC89E4F82}.Release|x86.Build.0 = Release|Win32
		{678332BC-CDE3-4B1A-8D42-1E8799B9564B}.Debug|x64.ActiveCfg = Debug|x64
		{678332BC-CDE3-4B1A-8D42-1E8799B9564B}.Debug|x64.Build.0 = Debug|x64
		{678332BC-CDE3-4B1A-8D42-1E8799B9564B}.Debug|x86.ActiveCfg = Debug|Win32
		{678332BC-CDE3-4B1A-8D42-1E8799B9564B}.Debug|x86.Build.0 = Debug|Win32
		{678332BC-CDE3-4B1A-8D42-1E8799B9564B}.Release|x64.ActiveCfg = Release|x64
		{678332BC-CDE3-4B1A-8D42-1E8799B9564B}.Release|x64.Build.0 = Release|x64
		{678332BC-CDE3-4B1A-8D42-1E8799B9564B}.Release|x86.ActiveCfg = Release|Win32
		{678332BC-CDE3-4B1A-8D42-1E8799B9564B}.Release|x86.Build.0 = Release|Win32
		{6E9457D6-F6D7-475E-BE8B-FA3E17967D4F}.Debug|x64.ActiveCfg = Debug|x64
		{6E9457D6-F6D7-475E-BE8B-FA3E17967D4F}.Debug|x64.Build.0 = Debug|x64
		{6E9457D6-F6D7-475E-BE8B-FA3E17967D4F}.Debug|x86.ActiveCfg = Debug|Win32
		{6E9457D6-F6D7-475E-BE8B-FA3E17967D4F}.Debug|x86.Build.0 = Debug|Win32
		{6E9457D6-F6D7-475E-BE8B-FA3E17967D4F}.Release|x64.ActiveCfg = Release|x64
		{6E9457D6-F6D7-475E-BE8B-FA3E17967D4F}.Release|x64.Build.0 = Release|x64
		{6E9457D6-F6D7-475E-BE8B-FA3E17967D4F}.Release|x86.ActiveCfg = Release|Win32
		{6E9457D6-F6D7-475E-BE8B-FA3E17967D4F}.Release|x86.Build.0 = Release|Win32
		{D70BFDA8-5F69-4922-956A-D24D1BC2A259}.Debug|x64.ActiveCfg = Debug|x64
		{D70BFDA8-5F69-4922-956A-D24D1BC2A259}.Debug|x64.Build.0 = Debug|x64
		{D70BFDA8-5F69-4922-956A-D24D1BC2A259}.Debug|x86.ActiveCfg = Debug|Win32
		{D70BFDA8-5F69-4922-956A-D24D1BC2A259}.Debug|x86.Build.0 = Debug|Win32
		{D70BFDA8-5F69-4922-956A-D24D1BC2A259}.Release|x64.ActiveCfg = Release|x64
		{D70BFDA8-5F69-4922-956A-D24D1BC2A259}.Release|x64.Build.0 = Release|x64
		{D70BFDA8-5F69-4922-956A-D24D1BC2A259}.Release|x86.ActiveCfg = Release|Win32
		{D70BFDA8-5F69-4922-956A-D24D1BC2A259}.Release|x86.Build.0 = Release|Win32
		{A2CDB604-AE23-438C-8976-BA0B47419A1D}.Debug|x64.ActiveCfg = Debug|x64
		{A2CDB604-AE23-438C-8976-BA0B47419A1D}.Debug|x64.Build.0 = Debug|x64
		{A2CDB604-AE23-438C-8976-BA0B47419A1D}.Debug|x86.ActiveCfg = Debug|Win32
		{A2CDB604-AE23-438C-8976-BA0B47419A1D}.Debug|x86.Build.0 = Debug|Win32
		{A2CDB604-AE23-438C-8976-BA0B47419A1D}.Release|x64.ActiveCfg = Release|x64
		{A2CDB604-AE23-438C-8976-BA0B47419A1D}.Release|x64.Build.0 = Release|x64
		{A2CDB604-AE23-438C-8976-BA0B47419A1D}.Release|x86.ActiveCfg = Release|Win32
		{A2CDB604-AE23-438C-8976-BA0B47419A1D}.Release|x86.Build.0 = Release|Win32
		{4B4C54E6-270C-4E9E-A1B5-367D1736E126}.Debug|x64.ActiveCfg = Debug|x64
		{4B4C54E6-270C-4E9E-A1B5-367D1736E126}.Debug|x64.Build.0 = Debug|x64
		{4B4C54E6-270C-4E9E-A1B5-367D1736E126}.Debug|x86.ActiveCfg = Debug|Win32
		{4B4C54E6-270C-4E9E-A1B5-367D1736E126}.Debug|x86.Build.0 = Debug|Win32
		{4B4C54E6-270C-4E9E-A1B5-367D1736E126}.Release|x64.ActiveCfg = Release|x64
		{4B4C54E6-270C-4E9E-A1B5-367D1736E126}.Release|x64.Build.0 = Release|x64
		{4B4C54E6-270C-4E9E-A1B5-367D1736E126}.Release|x86.ActiveCfg = Release|Win32
		{4B4C54E6-270C-4E9E-A1B5-367D1736E126}.Release|x86.Build.0 = Release|Win32
		{5B629EFB-3B34-448C-81B6-901EF8724302}.Debug|x64.ActiveCfg = Debug|x64
		{5B629EFB-3B34-448C-81B6-901EF8724302}.Debug|x64.Build.0 = Debug|x64
		{5B629EFB-3B34-448C-81B6-901EF8724302}.Debug|x86.ActiveCfg = Debug|Win32
		{5B629EFB-3B34-448C-81B6-901EF8724302}.Debug|x86.Build.0 = Debug|Win32
		{5B629EFB-3B34-448C-81B6-901EF8724302}.Release|x64.ActiveCfg = Release|x64
		{5B629EFB-3B34-448C-81B6-901EF8724302}.Release|x64.Build.0 = Release|x64
		{5B629EFB-3B34-448C-81B6-901EF8724302}.Release|x86.ActiveCfg = Release|Win32
		{5B629EFB-3B34-448C-81B6-901EF8724302}.Release|x86.Build.0 = Release|Win32
		{5E6B7326-8DE2-4C7B-A34B-FB3EDBE4E374}.Debug|x64.ActiveCfg = Debug|x64
		{5E6B7326-8DE2-4C7B-A34B-FB3EDBE4E374}.Debug|x64.Build.0 = Debug|x64
		{5E6B7326-8DE2-4C7B-A34B-FB3EDBE4E374}.Debug|x86.ActiveCfg = Debug|Win32
		{5E6B7326-8DE2-4C7B-A34B-FB3EDBE4E374}.Debug|x86.Build.0 = Debug|Win32
		{5E6B7326-8DE2-4C7B-A34B-FB3EDBE4E374}.Release|x64.ActiveCfg = Release|x64
		{5E6B7326-8DE2-4C7B-A34B-FB3EDBE4E374}.Release|x64.Build.0 = Release|x64
		{5E6B7326-8DE2-4C7B-A34B-FB3EDBE4E374}.Release|x86.ActiveCfg = Release|Win32
		{5E6B7326-8DE2-4C7B-A34B-FB3EDBE4E374}.Release|x86.Build.0 = Release|Win32
		{5F3491C8-6E2F-40F1-9307-77AAE1E19298}.Debug|x64.ActiveCfg = Debug|x64
		{5F3491C8-6E2F-40F1-9307-77AAE1E19298}.Debug|x64.Build.0 = Debug|x64
		{5F3491C8-6E2F-40F1-9307-77AAE1E19298}.Debug|x86.ActiveCfg = Debug|Win32
		{5F3491C8-6E2F-40F1-9307-77AAE1E19298}.Debug|x86.Build.0 = Debug|Win32
		{5F3491C8-6E2F-40F1-9307-77AAE1E19298}.Release|x64.ActiveCfg = Release|x64
		{5F3491C8-6E2F-40F1-9307-77AAE1E19298}.Release|x64.Build.0 = Release|x64
		{5F3491C8-6E2F-40F1-9307-77AAE1E19298}.Release|x86.ActiveCfg = Release|Win32
		{5F3491C8-6E2F-40F1-9307-77AAE1E19298}.Release|x86.Build.0 = Release|Win32
		{415C845D-5998-465D-A6E1-105BD1D88778}.Debug|x64.ActiveCfg = Debug|x64
		{415C845D-5998-465D-A6E1-105BD1D88778}.Debug|x64.Build.0 = Debug|x64
		{415C845D-5998-465D-A6E1-105BD1D88778}.Debug|x86.ActiveCfg = Debug|Win32
		{415C845D-5998-465D-A6E1-105BD1D88778}.Debug|x86.Build.0 = Debug|Win32
		{415C845D-5998-465D-A6E1-105BD1D88778}.Release|x64.ActiveCfg = Release|x64
		{415C845D-5998-465D-A6E1-105BD1D88778}.Release|x64.Build.0 = Release|x64
		{415C845D-5998-465D-A6E1-105BD1D88778}.Release|x86.ActiveCfg = Release|Win32
		{415C845D-5998-465D-A6E1-105BD1D88778}.Release|x86.Build.0 = Release|Win32
		{C967AEFD-CBD0-4A3B-933C-4F3BE42BA134}.Debug|x64.ActiveCfg = Debug|x64
		{C967AEFD-CBD0-4A3B-933C-4F3BE42BA134}.Debug|x64.Build.0 = Debug|x64
		{C967AEFD-CBD0-4A3B-933C-4F3BE42BA134}.Debug|x86.ActiveCfg = Debug|Win32
		{C967AEFD-CBD0-4A3B-933C-4F3BE42BA134}.Debug|x86.Build.0 = Debug|Win32
		{C967AEFD-CBD0-4A3B-933C-4F3BE42BA134}.Release|x64.ActiveCfg = Release|x64
		{C967AEFD-CBD0-4A3B-933C-4F3BE42BA134}.Release|x64.Build.0 = Release|x64
		{C967AEFD-CBD0-4A3B-933C-4F3BE42BA134}.Release|x86.ActiveCfg = Release|Win32
		{C967AEFD-CBD0-4A3B-933C-4F3BE42BA134}.Release|x86.Build.0 = Release|Win32
		{5A38E90B-6A71-4AA4-B5A5-386E999ACB85}.Debug|x64.ActiveCfg = Debug|x64
		{5A38E90B-6A71-4AA4-B5A5-386E999ACB85}.Debug|x64.Build.0 = Debug|x64
		{5A38E90B-6A71-4AA4-B5A5-386E999ACB85}.Debug|x86.ActiveCfg = Debug|Win32
		{5A38E90B-6A71-4AA4-B5A5-386E999ACB85}.Debug|x86.Build.0 = Debug|Win32
		{5A38E90B-6A71-4AA4-B5A5-386E999ACB85}.Release|x64.ActiveCfg = Release|x64
		{5A38E90B-6A71-4AA4-B5A5-386E999ACB85}.Release|x64.Build.0 = Release|x64
		{5A38E90B-6A71-4AA4-B5A5-386E999ACB85}.Release|x86.ActiveCfg = Release|Win32
		{5A38E90B-6A71-4AA4-B5A5-386E999ACB85}.Release|x86.Build.0 = Release|Win32
		{EE64A718-FAEC-4592-81EC-CFA2DA6AFEA9}.Debug|x64.ActiveCfg = Debug|x64
		{EE64A718-FAEC-4592-81EC-CFA2DA6AFEA9}.Debug|x64.Build.0 = Debug|x64
		{EE64A718-FAEC-4592-81EC-CFA2DA6AFEA9}.Debug|x86.ActiveCfg = Debug|Win32
		{EE64A718-FAEC-4592-81EC-CFA2DA6AFEA9}.Debug|x86.Build.0 = Debug|Win32
		{EE64A718-FAEC-4592-81EC-CFA2DA6AFEA9}.Release|x64.ActiveCfg = Release|x64
		{EE64A718-FAEC-4592-81EC-CFA2DA6AFEA9}.Release|x64.Build.0 = Release|x64
		{EE64A718-FAEC-4592-81EC-CFA2DA6AFEA9}.Release|x86.ActiveCfg = Release|Win32
		{EE64A718-FAEC-4592-81EC-CFA2DA6AFEA9}.Release|x86.Build.0 = Release|Win32
		{B3013D0D-9EE6-427E-9335-4BC911D1B4EE}.Debug|x64.ActiveCfg = Debug|x64
		{B3013D0D-9EE6-427E-9335-4BC911D1B4EE}.Debug|x64.Build.0 = Debug|x64
		{B3013D0D-9EE6-427E-9335-4BC911D1B4EE}.Debug|x86.ActiveCfg = Debug|Win32
		{B3013D0D-9EE6-427E-9335-4BC911D1B4EE}.Debug|x86.Build.0 = Debug|Win32
		{B3013D0D-9EE6-427E-9335-4BC911D1B4EE}.Release|x64.ActiveCfg = Release|x64
		{B3013D0D-9EE6-427E-9335-4BC911D1B4EE}.Release|x64.Build.0 = Release|x64
		{B3013D0D-9EE6-427E-9335-4BC911D1B4EE}.Release|x86.ActiveCfg = Release|Win32
		{B3013D0D-9EE6-427E-9335-4BC911D1B4EE}.Release|x86.Build.0 = Release|Win32
		{7E2C54DF-8610-4F3D-90E9-21C70C0B196A}.Debug|x64.ActiveCfg = Debug|x64
		{7E2C54DF-8610-4F3D-90E9-21C70C0B196A}.Debug|x64.Build.0 = Debug|x64
		{7E2C54DF-8610-4F3D-90E9-21C70C0B196A}.Debug|x86.ActiveCfg = Debug|Win32
		{7E2C54DF-8610-4F3D-90E9-21C70C0B196A}.Debug|x86.Build.0 = Debug|Win32
		{7E2C54DF-8610-4F3D-90E9-21C70C0B196A}.Release|x64.ActiveCfg = Release|x64
		{7E2C54DF-8610-4F3D-90E9-21C70C0B196A}.Release|x64.Build.0 = Release|x64
		{7E2C54DF-8610-4F3D-90E9-21C70C0B196A}.Release|x86.ActiveCfg = Release|Win32
		{7E2C54DF-8610-4F3D-90E9-21C70C0B196A}.Release|x86.Build.0 = Release|Win32
		{CD7A0DEA-6487-4A44-AA36-F36A8D13C5CA}.Debug|x64.ActiveCfg = Debug|x64
		{CD7A0DEA-6487-4A44-AA36-F36A8D13C5CA}.Debug|x64.Build.0 = Debug|x64
		{CD7A0DEA-6487-4A44-AA36-F36A8D13C5CA}.Debug|x86.ActiveCfg = Debug|Win32
		{CD7A0DEA-6487-4A44-AA36-F36A8D13C5CA}.Debug|x86.Build.0 = Debug|Win32
		{CD7A0DEA-6487-4A44-AA36-F36A8D13C5CA}.Release|x64.ActiveCfg = Release|x64
		{CD7A0DEA-6487-4A44-AA36-F36A8D13C5CA}.Release|x64.Build.0 = Release|x64
		{CD7A0DEA-6487-4A44-AA36-F36A8D13C5CA}.Release|x86.ActiveCfg = Release|Win32
		{CD7A0DEA-6487-4A44-AA36-F36A8D13C5CA}.Release|x86.Build.0 = Release|Win32
	EndGlobalSection
	GlobalSection(SolutionProperties) = preSolution
		HideSolutionNode = FALSE
	EndGlobalSection
	GlobalSection(ExtensibilityGlobals) = postSolution
		SolutionGuid = {79563E76-9BB9-404E-903C-EF12C7B4FFDC}
	EndGlobalSection
EndGlobal
